
Microsoft Visual Studio Solution File, Format Version 12.00
# Visual Studio 2013
VisualStudioVersion = 12.0.40629.0
MinimumVisualStudioVersion = 10.0.40219.1
Project("{8BC9CEB8-8B4A-11D0-8D11-00A0C91BC942}") = "x64dbg_exe", "src\exe\x64dbg_exe.vcxproj", "{3A22175E-6B72-FDCC-1603-C4A2163C7900}"
	ProjectSection(ProjectDependencies) = postProject
		{944D9923-CB1A-6F6C-BCBC-9E00A71954C1} = {944D9923-CB1A-6F6C-BCBC-9E00A71954C1}
	EndProjectSection
EndProject
Project("{8BC9CEB8-8B4A-11D0-8D11-00A0C91BC942}") = "x64dbg_bridge", "src\bridge\x64dbg_bridge.vcxproj", "{944D9923-CB1A-6F6C-BCBC-9E00A71954C1}"
EndProject
Project("{8BC9CEB8-8B4A-11D0-8D11-00A0C91BC942}") = "x64dbg_dbg", "src\dbg\x64dbg_dbg.vcxproj", "{E6548308-401E-3A8A-5819-905DB90522A6}"
	ProjectSection(ProjectDependencies) = postProject
		{944D9923-CB1A-6F6C-BCBC-9E00A71954C1} = {944D9923-CB1A-6F6C-BCBC-9E00A71954C1}
		{3B2C1EE1-FDEC-4D85-BE46-3C6A5EA69883} = {3B2C1EE1-FDEC-4D85-BE46-3C6A5EA69883}
	EndProjectSection
EndProject
Project("{8BC9CEB8-8B4A-11D0-8D11-00A0C91BC942}") = "x64dbg_launcher", "src\launcher\x64dbg_launcher.vcxproj", "{AC3F927A-4079-4C97-B8BE-8D04546802E7}"
EndProject
Project("{8BC9CEB8-8B4A-11D0-8D11-00A0C91BC942}") = "zydis_wrapper", "src\zydis_wrapper\zydis_wrapper.vcxproj", "{3B2C1EE1-FDEC-4D85-BE46-3C6A5EA69883}"
EndProject
Global
	GlobalSection(SolutionConfigurationPlatforms) = preSolution
		Debug|Win32 = Debug|Win32
		Debug|x64 = Debug|x64
		Release|Win32 = Release|Win32
		Release|x64 = Release|x64
	EndGlobalSection
	GlobalSection(ProjectConfigurationPlatforms) = postSolution
		{3A22175E-6B72-FDCC-1603-C4A2163C7900}.Debug|Win32.ActiveCfg = Debug|Win32
		{3A22175E-6B72-FDCC-1603-C4A2163C7900}.Debug|Win32.Build.0 = Debug|Win32
		{3A22175E-6B72-FDCC-1603-C4A2163C7900}.Debug|x64.ActiveCfg = Debug|x64
		{3A22175E-6B72-FDCC-1603-C4A2163C7900}.Debug|x64.Build.0 = Debug|x64
		{3A22175E-6B72-FDCC-1603-C4A2163C7900}.Release|Win32.ActiveCfg = Release|Win32
		{3A22175E-6B72-FDCC-1603-C4A2163C7900}.Release|Win32.Build.0 = Release|Win32
		{3A22175E-6B72-FDCC-1603-C4A2163C7900}.Release|x64.ActiveCfg = Release|x64
		{3A22175E-6B72-FDCC-1603-C4A2163C7900}.Release|x64.Build.0 = Release|x64
		{944D9923-CB1A-6F6C-BCBC-9E00A71954C1}.Debug|Win32.ActiveCfg = Debug|Win32
		{944D9923-CB1A-6F6C-BCBC-9E00A71954C1}.Debug|Win32.Build.0 = Debug|Win32
		{944D9923-CB1A-6F6C-BCBC-9E00A71954C1}.Debug|x64.ActiveCfg = Debug|x64
		{944D9923-CB1A-6F6C-BCBC-9E00A71954C1}.Debug|x64.Build.0 = Debug|x64
		{944D9923-CB1A-6F6C-BCBC-9E00A71954C1}.Release|Win32.ActiveCfg = Release|Win32
		{944D9923-CB1A-6F6C-BCBC-9E00A71954C1}.Release|Win32.Build.0 = Release|Win32
		{944D9923-CB1A-6F6C-BCBC-9E00A71954C1}.Release|x64.ActiveCfg = Release|x64
		{944D9923-CB1A-6F6C-BCBC-9E00A71954C1}.Release|x64.Build.0 = Release|x64
		{E6548308-401E-3A8A-5819-905DB90522A6}.Debug|Win32.ActiveCfg = Debug|Win32
		{E6548308-401E-3A8A-5819-905DB90522A6}.Debug|Win32.Build.0 = Debug|Win32
		{E6548308-401E-3A8A-5819-905DB90522A6}.Debug|x64.ActiveCfg = Debug|x64
		{E6548308-401E-3A8A-5819-905DB90522A6}.Debug|x64.Build.0 = Debug|x64
		{E6548308-401E-3A8A-5819-905DB90522A6}.Release|Win32.ActiveCfg = Release|Win32
		{E6548308-401E-3A8A-5819-905DB90522A6}.Release|Win32.Build.0 = Release|Win32
		{E6548308-401E-3A8A-5819-905DB90522A6}.Release|x64.ActiveCfg = Release|x64
		{E6548308-401E-3A8A-5819-905DB90522A6}.Release|x64.Build.0 = Release|x64
		{AC3F927A-4079-4C97-B8BE-8D04546802E7}.Debug|Win32.ActiveCfg = Debug|Win32
		{AC3F927A-4079-4C97-B8BE-8D04546802E7}.Debug|Win32.Build.0 = Debug|Win32
		{AC3F927A-4079-4C97-B8BE-8D04546802E7}.Debug|x64.ActiveCfg = Debug|Win32
		{AC3F927A-4079-4C97-B8BE-8D04546802E7}.Debug|x64.Build.0 = Debug|Win32
		{AC3F927A-4079-4C97-B8BE-8D04546802E7}.Release|Win32.ActiveCfg = Release|Win32
		{AC3F927A-4079-4C97-B8BE-8D04546802E7}.Release|Win32.Build.0 = Release|Win32
		{AC3F927A-4079-4C97-B8BE-8D04546802E7}.Release|x64.ActiveCfg = Release|Win32
		{AC3F927A-4079-4C97-B8BE-8D04546802E7}.Release|x64.Build.0 = Release|Win32
		{3B2C1EE1-FDEC-4D85-BE46-3C6A5EA69883}.Debug|Win32.ActiveCfg = Debug|Win32
		{3B2C1EE1-FDEC-4D85-BE46-3C6A5EA69883}.Debug|Win32.Build.0 = Debug|Win32
		{3B2C1EE1-FDEC-4D85-BE46-3C6A5EA69883}.Debug|x64.ActiveCfg = Debug|x64
		{3B2C1EE1-FDEC-4D85-BE46-3C6A5EA69883}.Debug|x64.Build.0 = Debug|x64
		{3B2C1EE1-FDEC-4D85-BE46-3C6A5EA69883}.Release|Win32.ActiveCfg = Release|Win32
		{3B2C1EE1-FDEC-4D85-BE46-3C6A5EA69883}.Release|Win32.Build.0 = Release|Win32
		{3B2C1EE1-FDEC-4D85-BE46-3C6A5EA69883}.Release|x64.ActiveCfg = Release|x64
		{3B2C1EE1-FDEC-4D85-BE46-3C6A5EA69883}.Release|x64.Build.0 = Release|x64
	EndGlobalSection
	GlobalSection(SolutionProperties) = preSolution
		HideSolutionNode = FALSE
	EndGlobalSection
EndGlobal
