
Microsoft Visual Studio Solution File, Format Version 12.00
# Visual Studio 2013
VisualStudioVersion = 12.0.40629.0
MinimumVisualStudioVersion = 10.0.40219.1
Project("{8BC9CEB8-8B4A-11D0-8D11-00A0C91BC942}") = "x64dbg_exe", "src\exe\x64dbg_exe.vcxproj", "{3A22175E-6B72-FDCC-1603-C4A2163C7900}"
	ProjectSection(ProjectDependencies) = postProject
		{944D9923-CB1A-6F6C-BCBC-9E00A71954C1} = {944D9923-CB1A-6F6C-BCBC-9E00A71954C1}
	EndProjectSection
EndProject
Project("{8BC9CEB8-8B4A-11D0-8D11-00A0C91BC942}") = "x64dbg_bridge", "src\bridge\x64dbg_bridge.vcxproj", "{944D9923-CB1A-6F6C-BCBC-9E00A71954C1}"
EndProject
Project("{8BC9CEB8-8B4A-11D0-8D11-00A0C91BC942}") = "x64dbg_dbg", "src\dbg\x64dbg_dbg.vcxproj", "{E6548308-401E-3A8A-5819-905DB90522A6}"
	ProjectSection(ProjectDependencies) = postProject
		{944D9923-CB1A-6F6C-BCBC-9E00A71954C1} = {944D9923-CB1A-6F6C-BCBC-9E00A71954C1}
		{3B2C1EE1-FDEC-4D85-BE46-3C6A5EA69883} = {3B2C1EE1-FDEC-4D85-BE46-3C6A5EA69883}
	EndProjectSection
EndProject
Project("{8BC9CEB8-8B4A-11D0-8D11-00A0C91BC942}") = "x64dbg_launcher", "src\launcher\x64dbg_launcher.vcxproj", "{AC3F927A-4079-4C97-B8BE-8D04546802E7}"
EndProject
Project("{8BC9CEB8-8B4A-11D0-8D11-00A0C91BC942}") = "zydis_wrapper", "src\zydis_wrapper\zydis_wrapper.vcxproj", "{3B2C1EE1-FDEC-4D85-BE46-3C6A5EA69883}"
EndProject
Project("{8BC9CEB8-8B4A-11D0-8D11-00A0C91BC942}") = "loaddll", "src\loaddll\loaddll.vcxproj", "{21AD9735-967B-41F7-8329-DB88D03743ED}"
EndProject
Project("{8BC9CEB8-8B4A-11D0-8D11-00A0C91BC942}") = "Zydis", "src\zydis_wrapper\zydis\msvc\zydis\Zydis.vcxproj", "{88A23124-5640-35A0-B890-311D7A67A7D2}"
EndProject
Global
	GlobalSection(SolutionConfigurationPlatforms) = preSolution
		Debug Kernel|Win32 = Debug Kernel|Win32
		Debug Kernel|x64 = Debug Kernel|x64
		Debug MD DLL|Win32 = Debug MD DLL|Win32
		Debug MD DLL|x64 = Debug MD DLL|x64
		Debug MD|Win32 = Debug MD|Win32
		Debug MD|x64 = Debug MD|x64
		Debug MT DLL|Win32 = Debug MT DLL|Win32
		Debug MT DLL|x64 = Debug MT DLL|x64
		Debug MT|Win32 = Debug MT|Win32
		Debug MT|x64 = Debug MT|x64
		Debug|Win32 = Debug|Win32
		Debug|x64 = Debug|x64
		Release Kernel|Win32 = Release Kernel|Win32
		Release Kernel|x64 = Release Kernel|x64
		Release MD DLL|Win32 = Release MD DLL|Win32
		Release MD DLL|x64 = Release MD DLL|x64
		Release MD|Win32 = Release MD|Win32
		Release MD|x64 = Release MD|x64
		Release MT DLL|Win32 = Release MT DLL|Win32
		Release MT DLL|x64 = Release MT DLL|x64
		Release MT|Win32 = Release MT|Win32
		Release MT|x64 = Release MT|x64
		Release|Win32 = Release|Win32
		Release|x64 = Release|x64
	EndGlobalSection
	GlobalSection(ProjectConfigurationPlatforms) = postSolution
		{3A22175E-6B72-FDCC-1603-C4A2163C7900}.Debug Kernel|Win32.ActiveCfg = Debug|Win32
		{3A22175E-6B72-FDCC-1603-C4A2163C7900}.Debug Kernel|Win32.Build.0 = Debug|Win32
		{3A22175E-6B72-FDCC-1603-C4A2163C7900}.Debug Kernel|x64.ActiveCfg = Debug|x64
		{3A22175E-6B72-FDCC-1603-C4A2163C7900}.Debug Kernel|x64.Build.0 = Debug|x64
		{3A22175E-6B72-FDCC-1603-C4A2163C7900}.Debug MD DLL|Win32.ActiveCfg = Debug|Win32
		{3A22175E-6B72-FDCC-1603-C4A2163C7900}.Debug MD DLL|Win32.Build.0 = Debug|Win32
		{3A22175E-6B72-FDCC-1603-C4A2163C7900}.Debug MD DLL|x64.ActiveCfg = Debug|x64
		{3A22175E-6B72-FDCC-1603-C4A2163C7900}.Debug MD DLL|x64.Build.0 = Debug|x64
		{3A22175E-6B72-FDCC-1603-C4A2163C7900}.Debug MD|Win32.ActiveCfg = Debug|Win32
		{3A22175E-6B72-FDCC-1603-C4A2163C7900}.Debug MD|Win32.Build.0 = Debug|Win32
		{3A22175E-6B72-FDCC-1603-C4A2163C7900}.Debug MD|x64.ActiveCfg = Debug|x64
		{3A22175E-6B72-FDCC-1603-C4A2163C7900}.Debug MD|x64.Build.0 = Debug|x64
		{3A22175E-6B72-FDCC-1603-C4A2163C7900}.Debug MT DLL|Win32.ActiveCfg = Debug|Win32
		{3A22175E-6B72-FDCC-1603-C4A2163C7900}.Debug MT DLL|Win32.Build.0 = Debug|Win32
		{3A22175E-6B72-FDCC-1603-C4A2163C7900}.Debug MT DLL|x64.ActiveCfg = Debug|x64
		{3A22175E-6B72-FDCC-1603-C4A2163C7900}.Debug MT DLL|x64.Build.0 = Debug|x64
		{3A22175E-6B72-FDCC-1603-C4A2163C7900}.Debug MT|Win32.ActiveCfg = Debug|Win32
		{3A22175E-6B72-FDCC-1603-C4A2163C7900}.Debug MT|Win32.Build.0 = Debug|Win32
		{3A22175E-6B72-FDCC-1603-C4A2163C7900}.Debug MT|x64.ActiveCfg = Debug|x64
		{3A22175E-6B72-FDCC-1603-C4A2163C7900}.Debug MT|x64.Build.0 = Debug|x64
		{3A22175E-6B72-FDCC-1603-C4A2163C7900}.Debug|Win32.ActiveCfg = Debug|Win32
		{3A22175E-6B72-FDCC-1603-C4A2163C7900}.Debug|Win32.Build.0 = Debug|Win32
		{3A22175E-6B72-FDCC-1603-C4A2163C7900}.Debug|x64.ActiveCfg = Debug|x64
		{3A22175E-6B72-FDCC-1603-C4A2163C7900}.Debug|x64.Build.0 = Debug|x64
		{3A22175E-6B72-FDCC-1603-C4A2163C7900}.Release Kernel|Win32.ActiveCfg = Release|Win32
		{3A22175E-6B72-FDCC-1603-C4A2163C7900}.Release Kernel|Win32.Build.0 = Release|Win32
		{3A22175E-6B72-FDCC-1603-C4A2163C7900}.Release Kernel|x64.ActiveCfg = Release|x64
		{3A22175E-6B72-FDCC-1603-C4A2163C7900}.Release Kernel|x64.Build.0 = Release|x64
		{3A22175E-6B72-FDCC-1603-C4A2163C7900}.Release MD DLL|Win32.ActiveCfg = Release|Win32
		{3A22175E-6B72-FDCC-1603-C4A2163C7900}.Release MD DLL|Win32.Build.0 = Release|Win32
		{3A22175E-6B72-FDCC-1603-C4A2163C7900}.Release MD DLL|x64.ActiveCfg = Release|x64
		{3A22175E-6B72-FDCC-1603-C4A2163C7900}.Release MD DLL|x64.Build.0 = Release|x64
		{3A22175E-6B72-FDCC-1603-C4A2163C7900}.Release MD|Win32.ActiveCfg = Release|Win32
		{3A22175E-6B72-FDCC-1603-C4A2163C7900}.Release MD|Win32.Build.0 = Release|Win32
		{3A22175E-6B72-FDCC-1603-C4A2163C7900}.Release MD|x64.ActiveCfg = Release|x64
		{3A22175E-6B72-FDCC-1603-C4A2163C7900}.Release MD|x64.Build.0 = Release|x64
		{3A22175E-6B72-FDCC-1603-C4A2163C7900}.Release MT DLL|Win32.ActiveCfg = Release|Win32
		{3A22175E-6B72-FDCC-1603-C4A2163C7900}.Release MT DLL|Win32.Build.0 = Release|Win32
		{3A22175E-6B72-FDCC-1603-C4A2163C7900}.Release MT DLL|x64.ActiveCfg = Release|x64
		{3A22175E-6B72-FDCC-1603-C4A2163C7900}.Release MT DLL|x64.Build.0 = Release|x64
		{3A22175E-6B72-FDCC-1603-C4A2163C7900}.Release MT|Win32.ActiveCfg = Release|Win32
		{3A22175E-6B72-FDCC-1603-C4A2163C7900}.Release MT|Win32.Build.0 = Release|Win32
		{3A22175E-6B72-FDCC-1603-C4A2163C7900}.Release MT|x64.ActiveCfg = Release|x64
		{3A22175E-6B72-FDCC-1603-C4A2163C7900}.Release MT|x64.Build.0 = Release|x64
		{3A22175E-6B72-FDCC-1603-C4A2163C7900}.Release|Win32.ActiveCfg = Release|Win32
		{3A22175E-6B72-FDCC-1603-C4A2163C7900}.Release|Win32.Build.0 = Release|Win32
		{3A22175E-6B72-FDCC-1603-C4A2163C7900}.Release|x64.ActiveCfg = Release|x64
		{3A22175E-6B72-FDCC-1603-C4A2163C7900}.Release|x64.Build.0 = Release|x64
		{944D9923-CB1A-6F6C-BCBC-9E00A71954C1}.Debug Kernel|Win32.ActiveCfg = Debug|Win32
		{944D9923-CB1A-6F6C-BCBC-9E00A71954C1}.Debug Kernel|Win32.Build.0 = Debug|Win32
		{944D9923-CB1A-6F6C-BCBC-9E00A71954C1}.Debug Kernel|x64.ActiveCfg = Debug|x64
		{944D9923-CB1A-6F6C-BCBC-9E00A71954C1}.Debug Kernel|x64.Build.0 = Debug|x64
		{944D9923-CB1A-6F6C-BCBC-9E00A71954C1}.Debug MD DLL|Win32.ActiveCfg = Debug|Win32
		{944D9923-CB1A-6F6C-BCBC-9E00A71954C1}.Debug MD DLL|Win32.Build.0 = Debug|Win32
		{944D9923-CB1A-6F6C-BCBC-9E00A71954C1}.Debug MD DLL|x64.ActiveCfg = Debug|x64
		{944D9923-CB1A-6F6C-BCBC-9E00A71954C1}.Debug MD DLL|x64.Build.0 = Debug|x64
		{944D9923-CB1A-6F6C-BCBC-9E00A71954C1}.Debug MD|Win32.ActiveCfg = Debug|Win32
		{944D9923-CB1A-6F6C-BCBC-9E00A71954C1}.Debug MD|Win32.Build.0 = Debug|Win32
		{944D9923-CB1A-6F6C-BCBC-9E00A71954C1}.Debug MD|x64.ActiveCfg = Debug|x64
		{944D9923-CB1A-6F6C-BCBC-9E00A71954C1}.Debug MD|x64.Build.0 = Debug|x64
		{944D9923-CB1A-6F6C-BCBC-9E00A71954C1}.Debug MT DLL|Win32.ActiveCfg = Debug|Win32
		{944D9923-CB1A-6F6C-BCBC-9E00A71954C1}.Debug MT DLL|Win32.Build.0 = Debug|Win32
		{944D9923-CB1A-6F6C-BCBC-9E00A71954C1}.Debug MT DLL|x64.ActiveCfg = Debug|x64
		{944D9923-CB1A-6F6C-BCBC-9E00A71954C1}.Debug MT DLL|x64.Build.0 = Debug|x64
		{944D9923-CB1A-6F6C-BCBC-9E00A71954C1}.Debug MT|Win32.ActiveCfg = Debug|Win32
		{944D9923-CB1A-6F6C-BCBC-9E00A71954C1}.Debug MT|Win32.Build.0 = Debug|Win32
		{944D9923-CB1A-6F6C-BCBC-9E00A71954C1}.Debug MT|x64.ActiveCfg = Debug|x64
		{944D9923-CB1A-6F6C-BCBC-9E00A71954C1}.Debug MT|x64.Build.0 = Debug|x64
		{944D9923-CB1A-6F6C-BCBC-9E00A71954C1}.Debug|Win32.ActiveCfg = Debug|Win32
		{944D9923-CB1A-6F6C-BCBC-9E00A71954C1}.Debug|Win32.Build.0 = Debug|Win32
		{944D9923-CB1A-6F6C-BCBC-9E00A71954C1}.Debug|x64.ActiveCfg = Debug|x64
		{944D9923-CB1A-6F6C-BCBC-9E00A71954C1}.Debug|x64.Build.0 = Debug|x64
		{944D9923-CB1A-6F6C-BCBC-9E00A71954C1}.Release Kernel|Win32.ActiveCfg = Release|Win32
		{944D9923-CB1A-6F6C-BCBC-9E00A71954C1}.Release Kernel|Win32.Build.0 = Release|Win32
		{944D9923-CB1A-6F6C-BCBC-9E00A71954C1}.Release Kernel|x64.ActiveCfg = Release|x64
		{944D9923-CB1A-6F6C-BCBC-9E00A71954C1}.Release Kernel|x64.Build.0 = Release|x64
		{944D9923-CB1A-6F6C-BCBC-9E00A71954C1}.Release MD DLL|Win32.ActiveCfg = Release|Win32
		{944D9923-CB1A-6F6C-BCBC-9E00A71954C1}.Release MD DLL|Win32.Build.0 = Release|Win32
		{944D9923-CB1A-6F6C-BCBC-9E00A71954C1}.Release MD DLL|x64.ActiveCfg = Release|x64
		{944D9923-CB1A-6F6C-BCBC-9E00A71954C1}.Release MD DLL|x64.Build.0 = Release|x64
		{944D9923-CB1A-6F6C-BCBC-9E00A71954C1}.Release MD|Win32.ActiveCfg = Release|Win32
		{944D9923-CB1A-6F6C-BCBC-9E00A71954C1}.Release MD|Win32.Build.0 = Release|Win32
		{944D9923-CB1A-6F6C-BCBC-9E00A71954C1}.Release MD|x64.ActiveCfg = Release|x64
		{944D9923-CB1A-6F6C-BCBC-9E00A71954C1}.Release MD|x64.Build.0 = Release|x64
		{944D9923-CB1A-6F6C-BCBC-9E00A71954C1}.Release MT DLL|Win32.ActiveCfg = Release|Win32
		{944D9923-CB1A-6F6C-BCBC-9E00A71954C1}.Release MT DLL|Win32.Build.0 = Release|Win32
		{944D9923-CB1A-6F6C-BCBC-9E00A71954C1}.Release MT DLL|x64.ActiveCfg = Release|x64
		{944D9923-CB1A-6F6C-BCBC-9E00A71954C1}.Release MT DLL|x64.Build.0 = Release|x64
		{944D9923-CB1A-6F6C-BCBC-9E00A71954C1}.Release MT|Win32.ActiveCfg = Release|Win32
		{944D9923-CB1A-6F6C-BCBC-9E00A71954C1}.Release MT|Win32.Build.0 = Release|Win32
		{944D9923-CB1A-6F6C-BCBC-9E00A71954C1}.Release MT|x64.ActiveCfg = Release|x64
		{944D9923-CB1A-6F6C-BCBC-9E00A71954C1}.Release MT|x64.Build.0 = Release|x64
		{944D9923-CB1A-6F6C-BCBC-9E00A71954C1}.Release|Win32.ActiveCfg = Release|Win32
		{944D9923-CB1A-6F6C-BCBC-9E00A71954C1}.Release|Win32.Build.0 = Release|Win32
		{944D9923-CB1A-6F6C-BCBC-9E00A71954C1}.Release|x64.ActiveCfg = Release|x64
		{944D9923-CB1A-6F6C-BCBC-9E00A71954C1}.Release|x64.Build.0 = Release|x64
		{E6548308-401E-3A8A-5819-905DB90522A6}.Debug Kernel|Win32.ActiveCfg = Debug|Win32
		{E6548308-401E-3A8A-5819-905DB90522A6}.Debug Kernel|Win32.Build.0 = Debug|Win32
		{E6548308-401E-3A8A-5819-905DB90522A6}.Debug Kernel|x64.ActiveCfg = Debug|x64
		{E6548308-401E-3A8A-5819-905DB90522A6}.Debug Kernel|x64.Build.0 = Debug|x64
		{E6548308-401E-3A8A-5819-905DB90522A6}.Debug MD DLL|Win32.ActiveCfg = Debug|Win32
		{E6548308-401E-3A8A-5819-905DB90522A6}.Debug MD DLL|Win32.Build.0 = Debug|Win32
		{E6548308-401E-3A8A-5819-905DB90522A6}.Debug MD DLL|x64.ActiveCfg = Debug|x64
		{E6548308-401E-3A8A-5819-905DB90522A6}.Debug MD DLL|x64.Build.0 = Debug|x64
		{E6548308-401E-3A8A-5819-905DB90522A6}.Debug MD|Win32.ActiveCfg = Debug|Win32
		{E6548308-401E-3A8A-5819-905DB90522A6}.Debug MD|Win32.Build.0 = Debug|Win32
		{E6548308-401E-3A8A-5819-905DB90522A6}.Debug MD|x64.ActiveCfg = Debug|x64
		{E6548308-401E-3A8A-5819-905DB90522A6}.Debug MD|x64.Build.0 = Debug|x64
		{E6548308-401E-3A8A-5819-905DB90522A6}.Debug MT DLL|Win32.ActiveCfg = Debug|Win32
		{E6548308-401E-3A8A-5819-905DB90522A6}.Debug MT DLL|Win32.Build.0 = Debug|Win32
		{E6548308-401E-3A8A-5819-905DB90522A6}.Debug MT DLL|x64.ActiveCfg = Debug|x64
		{E6548308-401E-3A8A-5819-905DB90522A6}.Debug MT DLL|x64.Build.0 = Debug|x64
		{E6548308-401E-3A8A-5819-905DB90522A6}.Debug MT|Win32.ActiveCfg = Debug|Win32
		{E6548308-401E-3A8A-5819-905DB90522A6}.Debug MT|Win32.Build.0 = Debug|Win32
		{E6548308-401E-3A8A-5819-905DB90522A6}.Debug MT|x64.ActiveCfg = Debug|x64
		{E6548308-401E-3A8A-5819-905DB90522A6}.Debug MT|x64.Build.0 = Debug|x64
		{E6548308-401E-3A8A-5819-905DB90522A6}.Debug|Win32.ActiveCfg = Debug|Win32
		{E6548308-401E-3A8A-5819-905DB90522A6}.Debug|Win32.Build.0 = Debug|Win32
		{E6548308-401E-3A8A-5819-905DB90522A6}.Debug|x64.ActiveCfg = Debug|x64
		{E6548308-401E-3A8A-5819-905DB90522A6}.Debug|x64.Build.0 = Debug|x64
		{E6548308-401E-3A8A-5819-905DB90522A6}.Release Kernel|Win32.ActiveCfg = Release|Win32
		{E6548308-401E-3A8A-5819-905DB90522A6}.Release Kernel|Win32.Build.0 = Release|Win32
		{E6548308-401E-3A8A-5819-905DB90522A6}.Release Kernel|x64.ActiveCfg = Release|x64
		{E6548308-401E-3A8A-5819-905DB90522A6}.Release Kernel|x64.Build.0 = Release|x64
		{E6548308-401E-3A8A-5819-905DB90522A6}.Release MD DLL|Win32.ActiveCfg = Release|Win32
		{E6548308-401E-3A8A-5819-905DB90522A6}.Release MD DLL|Win32.Build.0 = Release|Win32
		{E6548308-401E-3A8A-5819-905DB90522A6}.Release MD DLL|x64.ActiveCfg = Release|x64
		{E6548308-401E-3A8A-5819-905DB90522A6}.Release MD DLL|x64.Build.0 = Release|x64
		{E6548308-401E-3A8A-5819-905DB90522A6}.Release MD|Win32.ActiveCfg = Release|Win32
		{E6548308-401E-3A8A-5819-905DB90522A6}.Release MD|Win32.Build.0 = Release|Win32
		{E6548308-401E-3A8A-5819-905DB90522A6}.Release MD|x64.ActiveCfg = Release|x64
		{E6548308-401E-3A8A-5819-905DB90522A6}.Release MD|x64.Build.0 = Release|x64
		{E6548308-401E-3A8A-5819-905DB90522A6}.Release MT DLL|Win32.ActiveCfg = Release|Win32
		{E6548308-401E-3A8A-5819-905DB90522A6}.Release MT DLL|Win32.Build.0 = Release|Win32
		{E6548308-401E-3A8A-5819-905DB90522A6}.Release MT DLL|x64.ActiveCfg = Release|x64
		{E6548308-401E-3A8A-5819-905DB90522A6}.Release MT DLL|x64.Build.0 = Release|x64
		{E6548308-401E-3A8A-5819-905DB90522A6}.Release MT|Win32.ActiveCfg = Release|Win32
		{E6548308-401E-3A8A-5819-905DB90522A6}.Release MT|Win32.Build.0 = Release|Win32
		{E6548308-401E-3A8A-5819-905DB90522A6}.Release MT|x64.ActiveCfg = Release|x64
		{E6548308-401E-3A8A-5819-905DB90522A6}.Release MT|x64.Build.0 = Release|x64
		{E6548308-401E-3A8A-5819-905DB90522A6}.Release|Win32.ActiveCfg = Release|Win32
		{E6548308-401E-3A8A-5819-905DB90522A6}.Release|Win32.Build.0 = Release|Win32
		{E6548308-401E-3A8A-5819-905DB90522A6}.Release|x64.ActiveCfg = Release|x64
		{E6548308-401E-3A8A-5819-905DB90522A6}.Release|x64.Build.0 = Release|x64
		{AC3F927A-4079-4C97-B8BE-8D04546802E7}.Debug Kernel|Win32.ActiveCfg = Debug|Win32
		{AC3F927A-4079-4C97-B8BE-8D04546802E7}.Debug Kernel|Win32.Build.0 = Debug|Win32
		{AC3F927A-4079-4C97-B8BE-8D04546802E7}.Debug Kernel|x64.ActiveCfg = Release|Win32
		{AC3F927A-4079-4C97-B8BE-8D04546802E7}.Debug Kernel|x64.Build.0 = Release|Win32
		{AC3F927A-4079-4C97-B8BE-8D04546802E7}.Debug MD DLL|Win32.ActiveCfg = Debug|Win32
		{AC3F927A-4079-4C97-B8BE-8D04546802E7}.Debug MD DLL|Win32.Build.0 = Debug|Win32
		{AC3F927A-4079-4C97-B8BE-8D04546802E7}.Debug MD DLL|x64.ActiveCfg = Release|Win32
		{AC3F927A-4079-4C97-B8BE-8D04546802E7}.Debug MD DLL|x64.Build.0 = Release|Win32
		{AC3F927A-4079-4C97-B8BE-8D04546802E7}.Debug MD|Win32.ActiveCfg = Debug|Win32
		{AC3F927A-4079-4C97-B8BE-8D04546802E7}.Debug MD|Win32.Build.0 = Debug|Win32
		{AC3F927A-4079-4C97-B8BE-8D04546802E7}.Debug MD|x64.ActiveCfg = Release|Win32
		{AC3F927A-4079-4C97-B8BE-8D04546802E7}.Debug MD|x64.Build.0 = Release|Win32
		{AC3F927A-4079-4C97-B8BE-8D04546802E7}.Debug MT DLL|Win32.ActiveCfg = Debug|Win32
		{AC3F927A-4079-4C97-B8BE-8D04546802E7}.Debug MT DLL|Win32.Build.0 = Debug|Win32
		{AC3F927A-4079-4C97-B8BE-8D04546802E7}.Debug MT DLL|x64.ActiveCfg = Release|Win32
		{AC3F927A-4079-4C97-B8BE-8D04546802E7}.Debug MT DLL|x64.Build.0 = Release|Win32
		{AC3F927A-4079-4C97-B8BE-8D04546802E7}.Debug MT|Win32.ActiveCfg = Debug|Win32
		{AC3F927A-4079-4C97-B8BE-8D04546802E7}.Debug MT|Win32.Build.0 = Debug|Win32
		{AC3F927A-4079-4C97-B8BE-8D04546802E7}.Debug MT|x64.ActiveCfg = Release|Win32
		{AC3F927A-4079-4C97-B8BE-8D04546802E7}.Debug MT|x64.Build.0 = Release|Win32
		{AC3F927A-4079-4C97-B8BE-8D04546802E7}.Debug|Win32.ActiveCfg = Debug|Win32
		{AC3F927A-4079-4C97-B8BE-8D04546802E7}.Debug|Win32.Build.0 = Debug|Win32
		{AC3F927A-4079-4C97-B8BE-8D04546802E7}.Debug|x64.ActiveCfg = Debug|Win32
		{AC3F927A-4079-4C97-B8BE-8D04546802E7}.Debug|x64.Build.0 = Debug|Win32
		{AC3F927A-4079-4C97-B8BE-8D04546802E7}.Release Kernel|Win32.ActiveCfg = Release|Win32
		{AC3F927A-4079-4C97-B8BE-8D04546802E7}.Release Kernel|Win32.Build.0 = Release|Win32
		{AC3F927A-4079-4C97-B8BE-8D04546802E7}.Release Kernel|x64.ActiveCfg = Release|Win32
		{AC3F927A-4079-4C97-B8BE-8D04546802E7}.Release Kernel|x64.Build.0 = Release|Win32
		{AC3F927A-4079-4C97-B8BE-8D04546802E7}.Release MD DLL|Win32.ActiveCfg = Release|Win32
		{AC3F927A-4079-4C97-B8BE-8D04546802E7}.Release MD DLL|Win32.Build.0 = Release|Win32
		{AC3F927A-4079-4C97-B8BE-8D04546802E7}.Release MD DLL|x64.ActiveCfg = Release|Win32
		{AC3F927A-4079-4C97-B8BE-8D04546802E7}.Release MD DLL|x64.Build.0 = Release|Win32
		{AC3F927A-4079-4C97-B8BE-8D04546802E7}.Release MD|Win32.ActiveCfg = Release|Win32
		{AC3F927A-4079-4C97-B8BE-8D04546802E7}.Release MD|Win32.Build.0 = Release|Win32
		{AC3F927A-4079-4C97-B8BE-8D04546802E7}.Release MD|x64.ActiveCfg = Release|Win32
		{AC3F927A-4079-4C97-B8BE-8D04546802E7}.Release MD|x64.Build.0 = Release|Win32
		{AC3F927A-4079-4C97-B8BE-8D04546802E7}.Release MT DLL|Win32.ActiveCfg = Release|Win32
		{AC3F927A-4079-4C97-B8BE-8D04546802E7}.Release MT DLL|Win32.Build.0 = Release|Win32
		{AC3F927A-4079-4C97-B8BE-8D04546802E7}.Release MT DLL|x64.ActiveCfg = Release|Win32
		{AC3F927A-4079-4C97-B8BE-8D04546802E7}.Release MT DLL|x64.Build.0 = Release|Win32
		{AC3F927A-4079-4C97-B8BE-8D04546802E7}.Release MT|Win32.ActiveCfg = Release|Win32
		{AC3F927A-4079-4C97-B8BE-8D04546802E7}.Release MT|Win32.Build.0 = Release|Win32
		{AC3F927A-4079-4C97-B8BE-8D04546802E7}.Release MT|x64.ActiveCfg = Release|Win32
		{AC3F927A-4079-4C97-B8BE-8D04546802E7}.Release MT|x64.Build.0 = Release|Win32
		{AC3F927A-4079-4C97-B8BE-8D04546802E7}.Release|Win32.ActiveCfg = Release|Win32
		{AC3F927A-4079-4C97-B8BE-8D04546802E7}.Release|Win32.Build.0 = Release|Win32
		{AC3F927A-4079-4C97-B8BE-8D04546802E7}.Release|x64.ActiveCfg = Release|Win32
		{AC3F927A-4079-4C97-B8BE-8D04546802E7}.Release|x64.Build.0 = Release|Win32
		{3B2C1EE1-FDEC-4D85-BE46-3C6A5EA69883}.Debug Kernel|Win32.ActiveCfg = Debug|Win32
		{3B2C1EE1-FDEC-4D85-BE46-3C6A5EA69883}.Debug Kernel|Win32.Build.0 = Debug|Win32
		{3B2C1EE1-FDEC-4D85-BE46-3C6A5EA69883}.Debug Kernel|x64.ActiveCfg = Debug|x64
		{3B2C1EE1-FDEC-4D85-BE46-3C6A5EA69883}.Debug Kernel|x64.Build.0 = Debug|x64
		{3B2C1EE1-FDEC-4D85-BE46-3C6A5EA69883}.Debug MD DLL|Win32.ActiveCfg = Debug|Win32
		{3B2C1EE1-FDEC-4D85-BE46-3C6A5EA69883}.Debug MD DLL|Win32.Build.0 = Debug|Win32
		{3B2C1EE1-FDEC-4D85-BE46-3C6A5EA69883}.Debug MD DLL|x64.ActiveCfg = Debug|x64
		{3B2C1EE1-FDEC-4D85-BE46-3C6A5EA69883}.Debug MD DLL|x64.Build.0 = Debug|x64
		{3B2C1EE1-FDEC-4D85-BE46-3C6A5EA69883}.Debug MD|Win32.ActiveCfg = Debug|Win32
		{3B2C1EE1-FDEC-4D85-BE46-3C6A5EA69883}.Debug MD|Win32.Build.0 = Debug|Win32
		{3B2C1EE1-FDEC-4D85-BE46-3C6A5EA69883}.Debug MD|x64.ActiveCfg = Debug|x64
		{3B2C1EE1-FDEC-4D85-BE46-3C6A5EA69883}.Debug MD|x64.Build.0 = Debug|x64
		{3B2C1EE1-FDEC-4D85-BE46-3C6A5EA69883}.Debug MT DLL|Win32.ActiveCfg = Debug|Win32
		{3B2C1EE1-FDEC-4D85-BE46-3C6A5EA69883}.Debug MT DLL|Win32.Build.0 = Debug|Win32
		{3B2C1EE1-FDEC-4D85-BE46-3C6A5EA69883}.Debug MT DLL|x64.ActiveCfg = Debug|x64
		{3B2C1EE1-FDEC-4D85-BE46-3C6A5EA69883}.Debug MT DLL|x64.Build.0 = Debug|x64
		{3B2C1EE1-FDEC-4D85-BE46-3C6A5EA69883}.Debug MT|Win32.ActiveCfg = Debug|Win32
		{3B2C1EE1-FDEC-4D85-BE46-3C6A5EA69883}.Debug MT|Win32.Build.0 = Debug|Win32
		{3B2C1EE1-FDEC-4D85-BE46-3C6A5EA69883}.Debug MT|x64.ActiveCfg = Debug|x64
		{3B2C1EE1-FDEC-4D85-BE46-3C6A5EA69883}.Debug MT|x64.Build.0 = Debug|x64
		{3B2C1EE1-FDEC-4D85-BE46-3C6A5EA69883}.Debug|Win32.ActiveCfg = Debug|Win32
		{3B2C1EE1-FDEC-4D85-BE46-3C6A5EA69883}.Debug|Win32.Build.0 = Debug|Win32
		{3B2C1EE1-FDEC-4D85-BE46-3C6A5EA69883}.Debug|x64.ActiveCfg = Debug|x64
		{3B2C1EE1-FDEC-4D85-BE46-3C6A5EA69883}.Debug|x64.Build.0 = Debug|x64
		{3B2C1EE1-FDEC-4D85-BE46-3C6A5EA69883}.Release Kernel|Win32.ActiveCfg = Release|Win32
		{3B2C1EE1-FDEC-4D85-BE46-3C6A5EA69883}.Release Kernel|Win32.Build.0 = Release|Win32
		{3B2C1EE1-FDEC-4D85-BE46-3C6A5EA69883}.Release Kernel|x64.ActiveCfg = Release|x64
		{3B2C1EE1-FDEC-4D85-BE46-3C6A5EA69883}.Release Kernel|x64.Build.0 = Release|x64
		{3B2C1EE1-FDEC-4D85-BE46-3C6A5EA69883}.Release MD DLL|Win32.ActiveCfg = Release|Win32
		{3B2C1EE1-FDEC-4D85-BE46-3C6A5EA69883}.Release MD DLL|Win32.Build.0 = Release|Win32
		{3B2C1EE1-FDEC-4D85-BE46-3C6A5EA69883}.Release MD DLL|x64.ActiveCfg = Release|x64
		{3B2C1EE1-FDEC-4D85-BE46-3C6A5EA69883}.Release MD DLL|x64.Build.0 = Release|x64
		{3B2C1EE1-FDEC-4D85-BE46-3C6A5EA69883}.Release MD|Win32.ActiveCfg = Release|Win32
		{3B2C1EE1-FDEC-4D85-BE46-3C6A5EA69883}.Release MD|Win32.Build.0 = Release|Win32
		{3B2C1EE1-FDEC-4D85-BE46-3C6A5EA69883}.Release MD|x64.ActiveCfg = Release|x64
		{3B2C1EE1-FDEC-4D85-BE46-3C6A5EA69883}.Release MD|x64.Build.0 = Release|x64
		{3B2C1EE1-FDEC-4D85-BE46-3C6A5EA69883}.Release MT DLL|Win32.ActiveCfg = Release|Win32
		{3B2C1EE1-FDEC-4D85-BE46-3C6A5EA69883}.Release MT DLL|Win32.Build.0 = Release|Win32
		{3B2C1EE1-FDEC-4D85-BE46-3C6A5EA69883}.Release MT DLL|x64.ActiveCfg = Release|x64
		{3B2C1EE1-FDEC-4D85-BE46-3C6A5EA69883}.Release MT DLL|x64.Build.0 = Release|x64
		{3B2C1EE1-FDEC-4D85-BE46-3C6A5EA69883}.Release MT|Win32.ActiveCfg = Release|Win32
		{3B2C1EE1-FDEC-4D85-BE46-3C6A5EA69883}.Release MT|Win32.Build.0 = Release|Win32
		{3B2C1EE1-FDEC-4D85-BE46-3C6A5EA69883}.Release MT|x64.ActiveCfg = Release|x64
		{3B2C1EE1-FDEC-4D85-BE46-3C6A5EA69883}.Release MT|x64.Build.0 = Release|x64
		{3B2C1EE1-FDEC-4D85-BE46-3C6A5EA69883}.Release|Win32.ActiveCfg = Release|Win32
		{3B2C1EE1-FDEC-4D85-BE46-3C6A5EA69883}.Release|Win32.Build.0 = Release|Win32
		{3B2C1EE1-FDEC-4D85-BE46-3C6A5EA69883}.Release|x64.ActiveCfg = Release|x64
		{3B2C1EE1-FDEC-4D85-BE46-3C6A5EA69883}.Release|x64.Build.0 = Release|x64
		{21AD9735-967B-41F7-8329-DB88D03743ED}.Debug Kernel|Win32.ActiveCfg = Debug|Win32
		{21AD9735-967B-41F7-8329-DB88D03743ED}.Debug Kernel|Win32.Build.0 = Debug|Win32
		{21AD9735-967B-41F7-8329-DB88D03743ED}.Debug Kernel|x64.ActiveCfg = Debug|x64
		{21AD9735-967B-41F7-8329-DB88D03743ED}.Debug Kernel|x64.Build.0 = Debug|x64
		{21AD9735-967B-41F7-8329-DB88D03743ED}.Debug MD DLL|Win32.ActiveCfg = Debug|Win32
		{21AD9735-967B-41F7-8329-DB88D03743ED}.Debug MD DLL|Win32.Build.0 = Debug|Win32
		{21AD9735-967B-41F7-8329-DB88D03743ED}.Debug MD DLL|x64.ActiveCfg = Debug|x64
		{21AD9735-967B-41F7-8329-DB88D03743ED}.Debug MD DLL|x64.Build.0 = Debug|x64
		{21AD9735-967B-41F7-8329-DB88D03743ED}.Debug MD|Win32.ActiveCfg = Debug|Win32
		{21AD9735-967B-41F7-8329-DB88D03743ED}.Debug MD|Win32.Build.0 = Debug|Win32
		{21AD9735-967B-41F7-8329-DB88D03743ED}.Debug MD|x64.ActiveCfg = Debug|x64
		{21AD9735-967B-41F7-8329-DB88D03743ED}.Debug MD|x64.Build.0 = Debug|x64
		{21AD9735-967B-41F7-8329-DB88D03743ED}.Debug MT DLL|Win32.ActiveCfg = Debug|Win32
		{21AD9735-967B-41F7-8329-DB88D03743ED}.Debug MT DLL|Win32.Build.0 = Debug|Win32
		{21AD9735-967B-41F7-8329-DB88D03743ED}.Debug MT DLL|x64.ActiveCfg = Debug|x64
		{21AD9735-967B-41F7-8329-DB88D03743ED}.Debug MT DLL|x64.Build.0 = Debug|x64
		{21AD9735-967B-41F7-8329-DB88D03743ED}.Debug MT|Win32.ActiveCfg = Debug|Win32
		{21AD9735-967B-41F7-8329-DB88D03743ED}.Debug MT|Win32.Build.0 = Debug|Win32
		{21AD9735-967B-41F7-8329-DB88D03743ED}.Debug MT|x64.ActiveCfg = Debug|x64
		{21AD9735-967B-41F7-8329-DB88D03743ED}.Debug MT|x64.Build.0 = Debug|x64
		{21AD9735-967B-41F7-8329-DB88D03743ED}.Debug|Win32.ActiveCfg = Debug|Win32
		{21AD9735-967B-41F7-8329-DB88D03743ED}.Debug|Win32.Build.0 = Debug|Win32
		{21AD9735-967B-41F7-8329-DB88D03743ED}.Debug|x64.ActiveCfg = Debug|x64
		{21AD9735-967B-41F7-8329-DB88D03743ED}.Debug|x64.Build.0 = Debug|x64
		{21AD9735-967B-41F7-8329-DB88D03743ED}.Release Kernel|Win32.ActiveCfg = Release|Win32
		{21AD9735-967B-41F7-8329-DB88D03743ED}.Release Kernel|Win32.Build.0 = Release|Win32
		{21AD9735-967B-41F7-8329-DB88D03743ED}.Release Kernel|x64.ActiveCfg = Release|x64
		{21AD9735-967B-41F7-8329-DB88D03743ED}.Release Kernel|x64.Build.0 = Release|x64
		{21AD9735-967B-41F7-8329-DB88D03743ED}.Release MD DLL|Win32.ActiveCfg = Release|Win32
		{21AD9735-967B-41F7-8329-DB88D03743ED}.Release MD DLL|Win32.Build.0 = Release|Win32
		{21AD9735-967B-41F7-8329-DB88D03743ED}.Release MD DLL|x64.ActiveCfg = Release|x64
		{21AD9735-967B-41F7-8329-DB88D03743ED}.Release MD DLL|x64.Build.0 = Release|x64
		{21AD9735-967B-41F7-8329-DB88D03743ED}.Release MD|Win32.ActiveCfg = Release|Win32
		{21AD9735-967B-41F7-8329-DB88D03743ED}.Release MD|Win32.Build.0 = Release|Win32
		{21AD9735-967B-41F7-8329-DB88D03743ED}.Release MD|x64.ActiveCfg = Release|x64
		{21AD9735-967B-41F7-8329-DB88D03743ED}.Release MD|x64.Build.0 = Release|x64
		{21AD9735-967B-41F7-8329-DB88D03743ED}.Release MT DLL|Win32.ActiveCfg = Release|Win32
		{21AD9735-967B-41F7-8329-DB88D03743ED}.Release MT DLL|Win32.Build.0 = Release|Win32
		{21AD9735-967B-41F7-8329-DB88D03743ED}.Release MT DLL|x64.ActiveCfg = Release|x64
		{21AD9735-967B-41F7-8329-DB88D03743ED}.Release MT DLL|x64.Build.0 = Release|x64
		{21AD9735-967B-41F7-8329-DB88D03743ED}.Release MT|Win32.ActiveCfg = Release|Win32
		{21AD9735-967B-41F7-8329-DB88D03743ED}.Release MT|Win32.Build.0 = Release|Win32
		{21AD9735-967B-41F7-8329-DB88D03743ED}.Release MT|x64.ActiveCfg = Release|x64
		{21AD9735-967B-41F7-8329-DB88D03743ED}.Release MT|x64.Build.0 = Release|x64
		{21AD9735-967B-41F7-8329-DB88D03743ED}.Release|Win32.ActiveCfg = Release|Win32
		{21AD9735-967B-41F7-8329-DB88D03743ED}.Release|Win32.Build.0 = Release|Win32
		{21AD9735-967B-41F7-8329-DB88D03743ED}.Release|x64.ActiveCfg = Release|x64
		{21AD9735-967B-41F7-8329-DB88D03743ED}.Release|x64.Build.0 = Release|x64
		{88A23124-5640-35A0-B890-311D7A67A7D2}.Debug Kernel|Win32.ActiveCfg = Debug Kernel|Win32
		{88A23124-5640-35A0-B890-311D7A67A7D2}.Debug Kernel|Win32.Build.0 = Debug Kernel|Win32
		{88A23124-5640-35A0-B890-311D7A67A7D2}.Debug Kernel|x64.ActiveCfg = Debug Kernel|x64
		{88A23124-5640-35A0-B890-311D7A67A7D2}.Debug Kernel|x64.Build.0 = Debug Kernel|x64
		{88A23124-5640-35A0-B890-311D7A67A7D2}.Debug MD DLL|Win32.ActiveCfg = Debug MD DLL|Win32
		{88A23124-5640-35A0-B890-311D7A67A7D2}.Debug MD DLL|Win32.Build.0 = Debug MD DLL|Win32
		{88A23124-5640-35A0-B890-311D7A67A7D2}.Debug MD DLL|x64.ActiveCfg = Debug MD DLL|x64
		{88A23124-5640-35A0-B890-311D7A67A7D2}.Debug MD DLL|x64.Build.0 = Debug MD DLL|x64
		{88A23124-5640-35A0-B890-311D7A67A7D2}.Debug MD|Win32.ActiveCfg = Debug MD|Win32
		{88A23124-5640-35A0-B890-311D7A67A7D2}.Debug MD|Win32.Build.0 = Debug MD|Win32
		{88A23124-5640-35A0-B890-311D7A67A7D2}.Debug MD|x64.ActiveCfg = Debug MD|x64
		{88A23124-5640-35A0-B890-311D7A67A7D2}.Debug MD|x64.Build.0 = Debug MD|x64
		{88A23124-5640-35A0-B890-311D7A67A7D2}.Debug MT DLL|Win32.ActiveCfg = Debug MT DLL|Win32
		{88A23124-5640-35A0-B890-311D7A67A7D2}.Debug MT DLL|Win32.Build.0 = Debug MT DLL|Win32
		{88A23124-5640-35A0-B890-311D7A67A7D2}.Debug MT DLL|x64.ActiveCfg = Debug MT DLL|x64
		{88A23124-5640-35A0-B890-311D7A67A7D2}.Debug MT DLL|x64.Build.0 = Debug MT DLL|x64
		{88A23124-5640-35A0-B890-311D7A67A7D2}.Debug MT|Win32.ActiveCfg = Debug MT|Win32
		{88A23124-5640-35A0-B890-311D7A67A7D2}.Debug MT|Win32.Build.0 = Debug MT|Win32
		{88A23124-5640-35A0-B890-311D7A67A7D2}.Debug MT|x64.ActiveCfg = Debug MT|x64
		{88A23124-5640-35A0-B890-311D7A67A7D2}.Debug MT|x64.Build.0 = Debug MT|x64
		{88A23124-5640-35A0-B890-311D7A67A7D2}.Debug|Win32.ActiveCfg = Debug Kernel|Win32
		{88A23124-5640-35A0-B890-311D7A67A7D2}.Debug|Win32.Build.0 = Debug Kernel|Win32
		{88A23124-5640-35A0-B890-311D7A67A7D2}.Debug|x64.ActiveCfg = Debug Kernel|x64
		{88A23124-5640-35A0-B890-311D7A67A7D2}.Debug|x64.Build.0 = Debug Kernel|x64
		{88A23124-5640-35A0-B890-311D7A67A7D2}.Release Kernel|Win32.ActiveCfg = Release Kernel|Win32
		{88A23124-5640-35A0-B890-311D7A67A7D2}.Release Kernel|Win32.Build.0 = Release Kernel|Win32
		{88A23124-5640-35A0-B890-311D7A67A7D2}.Release Kernel|x64.ActiveCfg = Release Kernel|x64
		{88A23124-5640-35A0-B890-311D7A67A7D2}.Release Kernel|x64.Build.0 = Release Kernel|x64
		{88A23124-5640-35A0-B890-311D7A67A7D2}.Release MD DLL|Win32.ActiveCfg = Release MD DLL|Win32
		{88A23124-5640-35A0-B890-311D7A67A7D2}.Release MD DLL|Win32.Build.0 = Release MD DLL|Win32
		{88A23124-5640-35A0-B890-311D7A67A7D2}.Release MD DLL|x64.ActiveCfg = Release MD DLL|x64
		{88A23124-5640-35A0-B890-311D7A67A7D2}.Release MD DLL|x64.Build.0 = Release MD DLL|x64
		{88A23124-5640-35A0-B890-311D7A67A7D2}.Release MD|Win32.ActiveCfg = Release MD|Win32
		{88A23124-5640-35A0-B890-311D7A67A7D2}.Release MD|Win32.Build.0 = Release MD|Win32
		{88A23124-5640-35A0-B890-311D7A67A7D2}.Release MD|x64.ActiveCfg = Release MD|x64
		{88A23124-5640-35A0-B890-311D7A67A7D2}.Release MD|x64.Build.0 = Release MD|x64
		{88A23124-5640-35A0-B890-311D7A67A7D2}.Release MT DLL|Win32.ActiveCfg = Release MT DLL|Win32
		{88A23124-5640-35A0-B890-311D7A67A7D2}.Release MT DLL|Win32.Build.0 = Release MT DLL|Win32
		{88A23124-5640-35A0-B890-311D7A67A7D2}.Release MT DLL|x64.ActiveCfg = Release MT DLL|x64
		{88A23124-5640-35A0-B890-311D7A67A7D2}.Release MT DLL|x64.Build.0 = Release MT DLL|x64
		{88A23124-5640-35A0-B890-311D7A67A7D2}.Release MT|Win32.ActiveCfg = Release MT|Win32
		{88A23124-5640-35A0-B890-311D7A67A7D2}.Release MT|Win32.Build.0 = Release MT|Win32
		{88A23124-5640-35A0-B890-311D7A67A7D2}.Release MT|x64.ActiveCfg = Release MT|x64
		{88A23124-5640-35A0-B890-311D7A67A7D2}.Release MT|x64.Build.0 = Release MT|x64
		{88A23124-5640-35A0-B890-311D7A67A7D2}.Release|Win32.ActiveCfg = Release MD|Win32
		{88A23124-5640-35A0-B890-311D7A67A7D2}.Release|Win32.Build.0 = Release MD|Win32
		{88A23124-5640-35A0-B890-311D7A67A7D2}.Release|x64.ActiveCfg = Release MD|x64
		{88A23124-5640-35A0-B890-311D7A67A7D2}.Release|x64.Build.0 = Release MD|x64
	EndGlobalSection
	GlobalSection(SolutionProperties) = preSolution
		HideSolutionNode = FALSE
	EndGlobalSection
	GlobalSection(ExtensibilityGlobals) = postSolution
		SolutionGuid = {CC6FA67F-9244-45AD-AC13-69C29283D226}
	EndGlobalSection
EndGlobal
