<?xml version="1.0" encoding="utf-8"?>
<Project ToolsVersion="4.0" xmlns="http://schemas.microsoft.com/developer/msbuild/2003">
  <ItemGroup>
    <Filter Include="Source Files">
      <UniqueIdentifier>{4FC737F1-C7A5-4376-A066-2A32D752A2FF}</UniqueIdentifier>
      <Extensions>cpp;c;cc;cxx;def;odl;idl;hpj;bat;asm;asmx</Extensions>
    </Filter>
    <Filter Include="Header Files">
      <UniqueIdentifier>{93995380-89BD-4b04-88EB-625FBE52EBFB}</UniqueIdentifier>
      <Extensions>h;hpp;hxx;hm;inl;inc;xsd</Extensions>
    </Filter>
    <Filter Include="Source Files\Interfaces/Exports">
      <UniqueIdentifier>{44fd9eb7-2017-49b8-8d9a-dec680632343}</UniqueIdentifier>
    </Filter>
    <Filter Include="Source Files\Core">
      <UniqueIdentifier>{148408a8-bfe7-4d36-a04a-64d645a3e713}</UniqueIdentifier>
    </Filter>
    <Filter Include="Source Files\Information">
      <UniqueIdentifier>{687e60a0-5c44-481b-9149-9bd4cc41aaf8}</UniqueIdentifier>
    </Filter>
    <Filter Include="Source Files\Utilities">
      <UniqueIdentifier>{abc27485-7d81-4847-8ffe-62b0838f4ba4}</UniqueIdentifier>
    </Filter>
    <Filter Include="Source Files\Debugger Core">
      <UniqueIdentifier>{52e2c3ae-0223-4216-b896-41d9f171f731}</UniqueIdentifier>
    </Filter>
    <Filter Include="Header Files\Debugger Core">
      <UniqueIdentifier>{164592cf-e2c9-4c98-abf6-ea47d37653a1}</UniqueIdentifier>
    </Filter>
    <Filter Include="Header Files\Third Party">
      <UniqueIdentifier>{d2362bf7-ff20-493d-be01-0fb7e6dca8c9}</UniqueIdentifier>
    </Filter>
    <Filter Include="Header Files\Third Party\ntdll">
      <UniqueIdentifier>{aea02a5a-fad2-4cf4-a932-80c0d43f621e}</UniqueIdentifier>
    </Filter>
    <Filter Include="Header Files\Third Party\TitanEngine">
      <UniqueIdentifier>{23226861-3b20-42db-8dd6-c5d276ba7a83}</UniqueIdentifier>
    </Filter>
    <Filter Include="Header Files\Third Party\XEDParse">
      <UniqueIdentifier>{6b85ff77-8866-4618-9d46-006d8c349f8f}</UniqueIdentifier>
    </Filter>
    <Filter Include="Header Files\Third Party\dbghelp">
      <UniqueIdentifier>{5623fb24-3b6d-49a6-a0d3-1cfcc46f87bd}</UniqueIdentifier>
    </Filter>
    <Filter Include="Header Files\Third Party\DeviceNameResolver">
      <UniqueIdentifier>{f4eb1487-15d6-4836-9d20-339d0f18c31f}</UniqueIdentifier>
    </Filter>
    <Filter Include="Header Files\Third Party\jansson">
      <UniqueIdentifier>{b63305e2-2b10-46eb-839f-5e9080fa8ad8}</UniqueIdentifier>
    </Filter>
    <Filter Include="Header Files\Third Party\lz4">
      <UniqueIdentifier>{6a8d58f0-1417-4bff-aecd-0f9f5e0641f9}</UniqueIdentifier>
    </Filter>
    <Filter Include="Header Files\Interfaces/Exports">
      <UniqueIdentifier>{714f2eb1-20d7-47ed-a641-ba8a66da2e7a}</UniqueIdentifier>
    </Filter>
    <Filter Include="Header Files\Utilities">
      <UniqueIdentifier>{938130d5-63d6-44c2-9604-70f1f101890c}</UniqueIdentifier>
    </Filter>
    <Filter Include="Header Files\Core">
      <UniqueIdentifier>{ccf4c0a0-bb97-4090-acc5-bc6b343300bf}</UniqueIdentifier>
    </Filter>
    <Filter Include="Header Files\Information">
      <UniqueIdentifier>{b006b04c-d7ea-49cb-b097-0cac1388f98e}</UniqueIdentifier>
    </Filter>
    <Filter Include="Header Files\Third Party\yara">
      <UniqueIdentifier>{efe5d058-e77c-49e9-a25b-75b90346dbf2}</UniqueIdentifier>
    </Filter>
    <Filter Include="Header Files\Third Party\yara\yara">
      <UniqueIdentifier>{f79c5166-e315-44ca-9e93-dabc9f00fa78}</UniqueIdentifier>
    </Filter>
    <Filter Include="Header Files\Analysis">
      <UniqueIdentifier>{3aba2399-cfdf-40be-9265-2062f983bbfd}</UniqueIdentifier>
    </Filter>
    <Filter Include="Source Files\Analysis">
      <UniqueIdentifier>{a2a92bf5-753d-4a01-be80-66cc61434fbf}</UniqueIdentifier>
    </Filter>
    <Filter Include="Source Files\Interfaces/Exports\_scriptapi">
      <UniqueIdentifier>{4d81f6f8-bb8a-457b-b372-932857e99035}</UniqueIdentifier>
    </Filter>
    <Filter Include="Header Files\Interfaces/Exports\_scriptapi">
      <UniqueIdentifier>{eb7d9981-6079-4b4b-af18-e44e63451d10}</UniqueIdentifier>
    </Filter>
    <Filter Include="Header Files\Commands">
      <UniqueIdentifier>{c753866f-f2d5-4469-b8b0-0c7a6cea607e}</UniqueIdentifier>
    </Filter>
    <Filter Include="Source Files\Commands">
      <UniqueIdentifier>{c42aba29-6104-475b-9838-ffa2034485aa}</UniqueIdentifier>
    </Filter>
    <Filter Include="Source Files\btparser">
      <UniqueIdentifier>{3e5a02e2-62ad-4251-a53a-ab3f34fd7dd9}</UniqueIdentifier>
    </Filter>
    <Filter Include="Header Files\btparser">
      <UniqueIdentifier>{d20554d2-b3de-4e73-ac55-217da06783ba}</UniqueIdentifier>
    </Filter>
    <Filter Include="Header Files\Third Party\msdia">
      <UniqueIdentifier>{638ee3a0-ab1a-4bb2-bb14-59461ddf86b2}</UniqueIdentifier>
    </Filter>
    <Filter Include="Source Files\Symbols">
      <UniqueIdentifier>{087f2c70-08a6-4b80-988e-81be42c80580}</UniqueIdentifier>
    </Filter>
    <Filter Include="Header Files\Symbols">
      <UniqueIdentifier>{1f9e6c1d-74b2-4f72-bbe2-5fa68094d5fd}</UniqueIdentifier>
    </Filter>
    <Filter Include="Source Files\Third Party">
      <UniqueIdentifier>{73b6410d-7eef-4131-a04f-56abc14d84f5}</UniqueIdentifier>
    </Filter>
    <Filter Include="Source Files\Third Party\WinInet-Downloader">
      <UniqueIdentifier>{e47a911a-a6f6-415d-9eec-4f79f478d0a0}</UniqueIdentifier>
    </Filter>
    <Filter Include="Header Files\Third Party\WinInet-Downloader">
      <UniqueIdentifier>{cdf955c6-b066-4b06-87f0-7a02b9bbfc55}</UniqueIdentifier>
    </Filter>
    <Filter Include="Source Files\Third Party\msdia">
      <UniqueIdentifier>{dc4f0ea0-8d28-4d9e-a8ac-901dd274787d}</UniqueIdentifier>
    </Filter>
    <Filter Include="Header Files\Third Party\rapidjson">
      <UniqueIdentifier>{faa28cf0-473d-4f19-adfa-c14e30ee077b}</UniqueIdentifier>
    </Filter>
    <Filter Include="Header Files\Third Party\rapidjson\error">
      <UniqueIdentifier>{66248508-4e8d-48e3-979a-8ccea87a735a}</UniqueIdentifier>
    </Filter>
    <Filter Include="Header Files\Third Party\rapidjson\internal">
      <UniqueIdentifier>{e7e41f54-1533-46a6-9a3b-bb68d95d322a}</UniqueIdentifier>
    </Filter>
    <Filter Include="Header Files\Third Party\rapidjson\msinttypes">
      <UniqueIdentifier>{df96a526-d9bc-4ece-8e1f-6cf44146f327}</UniqueIdentifier>
    </Filter>
  </ItemGroup>
  <ItemGroup>
    <ClCompile Include="main.cpp">
      <Filter>Source Files</Filter>
    </ClCompile>
    <ClCompile Include="_dbgfunctions.cpp">
      <Filter>Source Files\Interfaces/Exports</Filter>
    </ClCompile>
    <ClCompile Include="_exports.cpp">
      <Filter>Source Files\Interfaces/Exports</Filter>
    </ClCompile>
    <ClCompile Include="_plugins.cpp">
      <Filter>Source Files\Interfaces/Exports</Filter>
    </ClCompile>
    <ClCompile Include="_global.cpp">
      <Filter>Source Files\Core</Filter>
    </ClCompile>
    <ClCompile Include="command.cpp">
      <Filter>Source Files\Core</Filter>
    </ClCompile>
    <ClCompile Include="console.cpp">
      <Filter>Source Files\Core</Filter>
    </ClCompile>
    <ClCompile Include="threading.cpp">
      <Filter>Source Files\Core</Filter>
    </ClCompile>
    <ClCompile Include="value.cpp">
      <Filter>Source Files\Core</Filter>
    </ClCompile>
    <ClCompile Include="variable.cpp">
      <Filter>Source Files\Core</Filter>
    </ClCompile>
    <ClCompile Include="addrinfo.cpp">
      <Filter>Source Files\Information</Filter>
    </ClCompile>
    <ClCompile Include="breakpoint.cpp">
      <Filter>Source Files\Information</Filter>
    </ClCompile>
    <ClCompile Include="assemble.cpp">
      <Filter>Source Files\Utilities</Filter>
    </ClCompile>
    <ClCompile Include="disasm_fast.cpp">
      <Filter>Source Files\Utilities</Filter>
    </ClCompile>
    <ClCompile Include="disasm_helper.cpp">
      <Filter>Source Files\Utilities</Filter>
    </ClCompile>
    <ClCompile Include="plugin_loader.cpp">
      <Filter>Source Files\Core</Filter>
    </ClCompile>
    <ClCompile Include="reference.cpp">
      <Filter>Source Files\Utilities</Filter>
    </ClCompile>
    <ClCompile Include="simplescript.cpp">
      <Filter>Source Files\Utilities</Filter>
    </ClCompile>
    <ClCompile Include="stackinfo.cpp">
      <Filter>Source Files\Information</Filter>
    </ClCompile>
    <ClCompile Include="debugger.cpp">
      <Filter>Source Files\Debugger Core</Filter>
    </ClCompile>
    <ClCompile Include="stringutils.cpp">
      <Filter>Source Files\Utilities</Filter>
    </ClCompile>
    <ClCompile Include="murmurhash.cpp">
      <Filter>Source Files\Utilities</Filter>
    </ClCompile>
    <ClCompile Include="msgqueue.cpp">
      <Filter>Source Files\Utilities</Filter>
    </ClCompile>
    <ClCompile Include="label.cpp">
      <Filter>Source Files\Information</Filter>
    </ClCompile>
    <ClCompile Include="module.cpp">
      <Filter>Source Files\Information</Filter>
    </ClCompile>
    <ClCompile Include="comment.cpp">
      <Filter>Source Files\Information</Filter>
    </ClCompile>
    <ClCompile Include="bookmark.cpp">
      <Filter>Source Files\Information</Filter>
    </ClCompile>
    <ClCompile Include="function.cpp">
      <Filter>Source Files\Information</Filter>
    </ClCompile>
    <ClCompile Include="loop.cpp">
      <Filter>Source Files\Information</Filter>
    </ClCompile>
    <ClCompile Include="exception.cpp">
      <Filter>Source Files\Information</Filter>
    </ClCompile>
    <ClCompile Include="memory.cpp">
      <Filter>Source Files\Information</Filter>
    </ClCompile>
    <ClCompile Include="patches.cpp">
      <Filter>Source Files\Information</Filter>
    </ClCompile>
    <ClCompile Include="thread.cpp">
      <Filter>Source Files\Information</Filter>
    </ClCompile>
    <ClCompile Include="patternfind.cpp">
      <Filter>Source Files\Utilities</Filter>
    </ClCompile>
    <ClCompile Include="dbghelp_safe.cpp">
      <Filter>Source Files\Utilities</Filter>
    </ClCompile>
    <ClCompile Include="stringformat.cpp">
      <Filter>Source Files\Utilities</Filter>
    </ClCompile>
    <ClCompile Include="commandparser.cpp">
      <Filter>Source Files\Core</Filter>
    </ClCompile>
    <ClCompile Include="expressionparser.cpp">
      <Filter>Source Files\Core</Filter>
    </ClCompile>
    <ClCompile Include="_scriptapi_module.cpp">
      <Filter>Source Files\Interfaces/Exports\_scriptapi</Filter>
    </ClCompile>
    <ClCompile Include="_scriptapi_register.cpp">
      <Filter>Source Files\Interfaces/Exports\_scriptapi</Filter>
    </ClCompile>
    <ClCompile Include="_scriptapi_memory.cpp">
      <Filter>Source Files\Interfaces/Exports\_scriptapi</Filter>
    </ClCompile>
    <ClCompile Include="_scriptapi_debug.cpp">
      <Filter>Source Files\Interfaces/Exports\_scriptapi</Filter>
    </ClCompile>
    <ClCompile Include="_scriptapi_pattern.cpp">
      <Filter>Source Files\Interfaces/Exports\_scriptapi</Filter>
    </ClCompile>
    <ClCompile Include="_scriptapi_gui.cpp">
      <Filter>Source Files\Interfaces/Exports\_scriptapi</Filter>
    </ClCompile>
    <ClCompile Include="_scriptapi_assembler.cpp">
      <Filter>Source Files\Interfaces/Exports\_scriptapi</Filter>
    </ClCompile>
    <ClCompile Include="_scriptapi_misc.cpp">
      <Filter>Source Files\Interfaces/Exports\_scriptapi</Filter>
    </ClCompile>
    <ClCompile Include="_scriptapi_stack.cpp">
      <Filter>Source Files\Interfaces/Exports\_scriptapi</Filter>
    </ClCompile>
    <ClCompile Include="_scriptapi_flag.cpp">
      <Filter>Source Files\Interfaces/Exports\_scriptapi</Filter>
    </ClCompile>
    <ClCompile Include="filehelper.cpp">
      <Filter>Source Files\Utilities</Filter>
    </ClCompile>
    <ClCompile Include="database.cpp">
      <Filter>Source Files\Information</Filter>
    </ClCompile>
    <ClCompile Include="jit.cpp">
      <Filter>Source Files\Debugger Core</Filter>
    </ClCompile>
    <ClCompile Include="commandline.cpp">
      <Filter>Source Files\Information</Filter>
    </ClCompile>
    <ClCompile Include="_scriptapi_label.cpp">
      <Filter>Source Files\Interfaces/Exports\_scriptapi</Filter>
    </ClCompile>
    <ClCompile Include="_scriptapi_comment.cpp">
      <Filter>Source Files\Interfaces/Exports\_scriptapi</Filter>
    </ClCompile>
    <ClCompile Include="_scriptapi_bookmark.cpp">
      <Filter>Source Files\Interfaces/Exports\_scriptapi</Filter>
    </ClCompile>
    <ClCompile Include="_scriptapi_function.cpp">
      <Filter>Source Files\Interfaces/Exports\_scriptapi</Filter>
    </ClCompile>
    <ClCompile Include="_scriptapi_symbol.cpp">
      <Filter>Source Files\Interfaces/Exports\_scriptapi</Filter>
    </ClCompile>
    <ClCompile Include="exhandlerinfo.cpp">
      <Filter>Source Files\Information</Filter>
    </ClCompile>
    <ClCompile Include="TraceRecord.cpp">
      <Filter>Source Files\Information</Filter>
    </ClCompile>
    <ClCompile Include="mnemonichelp.cpp">
      <Filter>Source Files\Information</Filter>
    </ClCompile>
    <ClCompile Include="handles.cpp">
      <Filter>Source Files\Information</Filter>
    </ClCompile>
    <ClCompile Include="tcpconnections.cpp">
      <Filter>Source Files\Information</Filter>
    </ClCompile>
    <ClCompile Include="xrefs.cpp">
      <Filter>Source Files\Information</Filter>
    </ClCompile>
    <ClCompile Include="argument.cpp">
      <Filter>Source Files\Information</Filter>
    </ClCompile>
    <ClCompile Include="_scriptapi_argument.cpp">
      <Filter>Source Files\Interfaces/Exports\_scriptapi</Filter>
    </ClCompile>
    <ClCompile Include="encodemap.cpp">
      <Filter>Source Files\Information</Filter>
    </ClCompile>
    <ClCompile Include="datainst_helper.cpp">
      <Filter>Source Files\Utilities</Filter>
    </ClCompile>
    <ClCompile Include="expressionfunctions.cpp">
      <Filter>Source Files\Core</Filter>
    </ClCompile>
    <ClCompile Include="historycontext.cpp">
      <Filter>Source Files\Information</Filter>
    </ClCompile>
    <ClCompile Include="watch.cpp">
      <Filter>Source Files\Information</Filter>
    </ClCompile>
    <ClCompile Include="analysis\advancedanalysis.cpp">
      <Filter>Source Files\Analysis</Filter>
    </ClCompile>
    <ClCompile Include="analysis\analysis.cpp">
      <Filter>Source Files\Analysis</Filter>
    </ClCompile>
    <ClCompile Include="analysis\analysis_nukem.cpp">
      <Filter>Source Files\Analysis</Filter>
    </ClCompile>
    <ClCompile Include="analysis\AnalysisPass.cpp">
      <Filter>Source Files\Analysis</Filter>
    </ClCompile>
    <ClCompile Include="analysis\CodeFollowPass.cpp">
      <Filter>Source Files\Analysis</Filter>
    </ClCompile>
    <ClCompile Include="analysis\controlflowanalysis.cpp">
      <Filter>Source Files\Analysis</Filter>
    </ClCompile>
    <ClCompile Include="analysis\exceptiondirectoryanalysis.cpp">
      <Filter>Source Files\Analysis</Filter>
    </ClCompile>
    <ClCompile Include="analysis\FunctionPass.cpp">
      <Filter>Source Files\Analysis</Filter>
    </ClCompile>
    <ClCompile Include="analysis\linearanalysis.cpp">
      <Filter>Source Files\Analysis</Filter>
    </ClCompile>
    <ClCompile Include="analysis\LinearPass.cpp">
      <Filter>Source Files\Analysis</Filter>
    </ClCompile>
    <ClCompile Include="analysis\recursiveanalysis.cpp">
      <Filter>Source Files\Analysis</Filter>
    </ClCompile>
    <ClCompile Include="analysis\xrefsanalysis.cpp">
      <Filter>Source Files\Analysis</Filter>
    </ClCompile>
    <ClCompile Include="exprfunc.cpp">
      <Filter>Source Files\Debugger Core</Filter>
    </ClCompile>
    <ClCompile Include="animate.cpp">
      <Filter>Source Files\Utilities</Filter>
    </ClCompile>
    <ClCompile Include="commands\cmd-analysis.cpp">
      <Filter>Source Files\Commands</Filter>
    </ClCompile>
    <ClCompile Include="commands\cmd-breakpoint-control.cpp">
      <Filter>Source Files\Commands</Filter>
    </ClCompile>
    <ClCompile Include="commands\cmd-conditional-breakpoint-control.cpp">
      <Filter>Source Files\Commands</Filter>
    </ClCompile>
    <ClCompile Include="commands\cmd-searching.cpp">
      <Filter>Source Files\Commands</Filter>
    </ClCompile>
    <ClCompile Include="commands\cmd-debug-control.cpp">
      <Filter>Source Files\Commands</Filter>
    </ClCompile>
    <ClCompile Include="commands\cmd-general-purpose.cpp">
      <Filter>Source Files\Commands</Filter>
    </ClCompile>
    <ClCompile Include="commands\cmd-gui.cpp">
      <Filter>Source Files\Commands</Filter>
    </ClCompile>
    <ClCompile Include="commands\cmd-memory-operations.cpp">
      <Filter>Source Files\Commands</Filter>
    </ClCompile>
    <ClCompile Include="commands\cmd-misc.cpp">
      <Filter>Source Files\Commands</Filter>
    </ClCompile>
    <ClCompile Include="commands\cmd-operating-system-control.cpp">
      <Filter>Source Files\Commands</Filter>
    </ClCompile>
    <ClCompile Include="commands\cmd-plugins.cpp">
      <Filter>Source Files\Commands</Filter>
    </ClCompile>
    <ClCompile Include="commands\cmd-script.cpp">
      <Filter>Source Files\Commands</Filter>
    </ClCompile>
    <ClCompile Include="commands\cmd-thread-control.cpp">
      <Filter>Source Files\Commands</Filter>
    </ClCompile>
    <ClCompile Include="commands\cmd-tracing.cpp">
      <Filter>Source Files\Commands</Filter>
    </ClCompile>
    <ClCompile Include="commands\cmd-types.cpp">
      <Filter>Source Files\Commands</Filter>
    </ClCompile>
    <ClCompile Include="commands\cmd-undocumented.cpp">
      <Filter>Source Files\Commands</Filter>
    </ClCompile>
    <ClCompile Include="commands\cmd-user-database.cpp">
      <Filter>Source Files\Commands</Filter>
    </ClCompile>
    <ClCompile Include="commands\cmd-variables.cpp">
      <Filter>Source Files\Commands</Filter>
    </ClCompile>
    <ClCompile Include="commands\cmd-watch-control.cpp">
      <Filter>Source Files\Commands</Filter>
    </ClCompile>
    <ClCompile Include="x64dbg.cpp">
      <Filter>Source Files</Filter>
    </ClCompile>
    <ClCompile Include="types.cpp">
      <Filter>Source Files\Core</Filter>
    </ClCompile>
    <ClCompile Include="btparser\btparser\lexer.cpp">
      <Filter>Source Files\btparser</Filter>
    </ClCompile>
    <ClCompile Include="btparser\btparser\parser.cpp">
      <Filter>Source Files\btparser</Filter>
    </ClCompile>
    <ClCompile Include="typesparser.cpp">
      <Filter>Source Files\Core</Filter>
    </ClCompile>
    <ClCompile Include="formatfunctions.cpp">
      <Filter>Source Files\Core</Filter>
    </ClCompile>
    <ClCompile Include="symcache.cpp">
      <Filter>Source Files\Symbols</Filter>
    </ClCompile>
    <ClCompile Include="symbolinfo.cpp">
      <Filter>Source Files\Symbols</Filter>
    </ClCompile>
    <ClCompile Include="pdbdiafile.cpp">
      <Filter>Source Files\Symbols</Filter>
    </ClCompile>
    <ClCompile Include="symbolsourcedia.cpp">
      <Filter>Source Files\Symbols</Filter>
    </ClCompile>
    <ClCompile Include="msdia\diacreate.cpp">
      <Filter>Source Files\Third Party\msdia</Filter>
    </ClCompile>
    <ClCompile Include="WinInet-Downloader\downslib.cpp">
      <Filter>Source Files\Third Party\WinInet-Downloader</Filter>
    </ClCompile>
  </ItemGroup>
  <ItemGroup>
    <ClInclude Include="dbghelp\dbghelp.h">
      <Filter>Header Files\Third Party\dbghelp</Filter>
    </ClInclude>
    <ClInclude Include="XEDParse\XEDParse.h">
      <Filter>Header Files\Third Party\XEDParse</Filter>
    </ClInclude>
    <ClInclude Include="ntdll\ntdll.h">
      <Filter>Header Files\Third Party\ntdll</Filter>
    </ClInclude>
    <ClInclude Include="TitanEngine\TitanEngine.h">
      <Filter>Header Files\Third Party\TitanEngine</Filter>
    </ClInclude>
    <ClInclude Include="DeviceNameResolver\DeviceNameResolver.h">
      <Filter>Header Files\Third Party\DeviceNameResolver</Filter>
    </ClInclude>
    <ClInclude Include="jansson\jansson.h">
      <Filter>Header Files\Third Party\jansson</Filter>
    </ClInclude>
    <ClInclude Include="jansson\jansson_config.h">
      <Filter>Header Files\Third Party\jansson</Filter>
    </ClInclude>
    <ClInclude Include="lz4\lz4.h">
      <Filter>Header Files\Third Party\lz4</Filter>
    </ClInclude>
    <ClInclude Include="lz4\lz4file.h">
      <Filter>Header Files\Third Party\lz4</Filter>
    </ClInclude>
    <ClInclude Include="lz4\lz4hc.h">
      <Filter>Header Files\Third Party\lz4</Filter>
    </ClInclude>
    <ClInclude Include="_global.h">
      <Filter>Header Files\Core</Filter>
    </ClInclude>
    <ClInclude Include="console.h">
      <Filter>Header Files\Core</Filter>
    </ClInclude>
    <ClInclude Include="command.h">
      <Filter>Header Files\Core</Filter>
    </ClInclude>
    <ClInclude Include="threading.h">
      <Filter>Header Files\Core</Filter>
    </ClInclude>
    <ClInclude Include="value.h">
      <Filter>Header Files\Core</Filter>
    </ClInclude>
    <ClInclude Include="variable.h">
      <Filter>Header Files\Core</Filter>
    </ClInclude>
    <ClInclude Include="plugin_loader.h">
      <Filter>Header Files\Core</Filter>
    </ClInclude>
    <ClInclude Include="debugger.h">
      <Filter>Header Files\Debugger Core</Filter>
    </ClInclude>
    <ClInclude Include="addrinfo.h">
      <Filter>Header Files\Information</Filter>
    </ClInclude>
    <ClInclude Include="breakpoint.h">
      <Filter>Header Files\Information</Filter>
    </ClInclude>
    <ClInclude Include="stackinfo.h">
      <Filter>Header Files\Information</Filter>
    </ClInclude>
    <ClInclude Include="_plugins.h">
      <Filter>Header Files\Interfaces/Exports</Filter>
    </ClInclude>
    <ClInclude Include="_exports.h">
      <Filter>Header Files\Interfaces/Exports</Filter>
    </ClInclude>
    <ClInclude Include="_dbgfunctions.h">
      <Filter>Header Files\Interfaces/Exports</Filter>
    </ClInclude>
    <ClInclude Include="_plugin_types.h">
      <Filter>Header Files\Interfaces/Exports</Filter>
    </ClInclude>
    <ClInclude Include="assemble.h">
      <Filter>Header Files\Utilities</Filter>
    </ClInclude>
    <ClInclude Include="disasm_fast.h">
      <Filter>Header Files\Utilities</Filter>
    </ClInclude>
    <ClInclude Include="disasm_helper.h">
      <Filter>Header Files\Utilities</Filter>
    </ClInclude>
    <ClInclude Include="reference.h">
      <Filter>Header Files\Utilities</Filter>
    </ClInclude>
    <ClInclude Include="simplescript.h">
      <Filter>Header Files\Utilities</Filter>
    </ClInclude>
    <ClInclude Include="dynamicmem.h">
      <Filter>Header Files\Utilities</Filter>
    </ClInclude>
    <ClInclude Include="handle.h">
      <Filter>Header Files\Utilities</Filter>
    </ClInclude>
    <ClInclude Include="stringutils.h">
      <Filter>Header Files\Utilities</Filter>
    </ClInclude>
    <ClInclude Include="murmurhash.h">
      <Filter>Header Files\Utilities</Filter>
    </ClInclude>
    <ClInclude Include="msgqueue.h">
      <Filter>Header Files\Utilities</Filter>
    </ClInclude>
    <ClInclude Include="module.h">
      <Filter>Header Files\Information</Filter>
    </ClInclude>
    <ClInclude Include="comment.h">
      <Filter>Header Files\Information</Filter>
    </ClInclude>
    <ClInclude Include="label.h">
      <Filter>Header Files\Information</Filter>
    </ClInclude>
    <ClInclude Include="bookmark.h">
      <Filter>Header Files\Information</Filter>
    </ClInclude>
    <ClInclude Include="function.h">
      <Filter>Header Files\Information</Filter>
    </ClInclude>
    <ClInclude Include="loop.h">
      <Filter>Header Files\Information</Filter>
    </ClInclude>
    <ClInclude Include="patches.h">
      <Filter>Header Files\Information</Filter>
    </ClInclude>
    <ClInclude Include="exception.h">
      <Filter>Header Files\Information</Filter>
    </ClInclude>
    <ClInclude Include="memory.h">
      <Filter>Header Files\Information</Filter>
    </ClInclude>
    <ClInclude Include="thread.h">
      <Filter>Header Files\Information</Filter>
    </ClInclude>
    <ClInclude Include="patternfind.h">
      <Filter>Header Files\Utilities</Filter>
    </ClInclude>
    <ClInclude Include="dbghelp_safe.h">
      <Filter>Header Files\Utilities</Filter>
    </ClInclude>
    <ClInclude Include="yara\yara.h">
      <Filter>Header Files\Third Party\yara</Filter>
    </ClInclude>
    <ClInclude Include="yara\yara\ahocorasick.h">
      <Filter>Header Files\Third Party\yara\yara</Filter>
    </ClInclude>
    <ClInclude Include="yara\yara\arena.h">
      <Filter>Header Files\Third Party\yara\yara</Filter>
    </ClInclude>
    <ClInclude Include="yara\yara\atoms.h">
      <Filter>Header Files\Third Party\yara\yara</Filter>
    </ClInclude>
    <ClInclude Include="yara\yara\compiler.h">
      <Filter>Header Files\Third Party\yara\yara</Filter>
    </ClInclude>
    <ClInclude Include="yara\yara\elf.h">
      <Filter>Header Files\Third Party\yara\yara</Filter>
    </ClInclude>
    <ClInclude Include="yara\yara\error.h">
      <Filter>Header Files\Third Party\yara\yara</Filter>
    </ClInclude>
    <ClInclude Include="yara\yara\exec.h">
      <Filter>Header Files\Third Party\yara\yara</Filter>
    </ClInclude>
    <ClInclude Include="yara\yara\exefiles.h">
      <Filter>Header Files\Third Party\yara\yara</Filter>
    </ClInclude>
    <ClInclude Include="yara\yara\filemap.h">
      <Filter>Header Files\Third Party\yara\yara</Filter>
    </ClInclude>
    <ClInclude Include="yara\yara\globals.h">
      <Filter>Header Files\Third Party\yara\yara</Filter>
    </ClInclude>
    <ClInclude Include="yara\yara\hash.h">
      <Filter>Header Files\Third Party\yara\yara</Filter>
    </ClInclude>
    <ClInclude Include="yara\yara\hex_lexer.h">
      <Filter>Header Files\Third Party\yara\yara</Filter>
    </ClInclude>
    <ClInclude Include="yara\yara\lexer.h">
      <Filter>Header Files\Third Party\yara\yara</Filter>
    </ClInclude>
    <ClInclude Include="yara\yara\libyara.h">
      <Filter>Header Files\Third Party\yara\yara</Filter>
    </ClInclude>
    <ClInclude Include="yara\yara\limits.h">
      <Filter>Header Files\Third Party\yara\yara</Filter>
    </ClInclude>
    <ClInclude Include="yara\yara\mem.h">
      <Filter>Header Files\Third Party\yara\yara</Filter>
    </ClInclude>
    <ClInclude Include="yara\yara\modules.h">
      <Filter>Header Files\Third Party\yara\yara</Filter>
    </ClInclude>
    <ClInclude Include="yara\yara\object.h">
      <Filter>Header Files\Third Party\yara\yara</Filter>
    </ClInclude>
    <ClInclude Include="yara\yara\parser.h">
      <Filter>Header Files\Third Party\yara\yara</Filter>
    </ClInclude>
    <ClInclude Include="yara\yara\pe.h">
      <Filter>Header Files\Third Party\yara\yara</Filter>
    </ClInclude>
    <ClInclude Include="yara\yara\proc.h">
      <Filter>Header Files\Third Party\yara\yara</Filter>
    </ClInclude>
    <ClInclude Include="yara\yara\re.h">
      <Filter>Header Files\Third Party\yara\yara</Filter>
    </ClInclude>
    <ClInclude Include="yara\yara\re_lexer.h">
      <Filter>Header Files\Third Party\yara\yara</Filter>
    </ClInclude>
    <ClInclude Include="yara\yara\rules.h">
      <Filter>Header Files\Third Party\yara\yara</Filter>
    </ClInclude>
    <ClInclude Include="yara\yara\scan.h">
      <Filter>Header Files\Third Party\yara\yara</Filter>
    </ClInclude>
    <ClInclude Include="yara\yara\sizedstr.h">
      <Filter>Header Files\Third Party\yara\yara</Filter>
    </ClInclude>
    <ClInclude Include="yara\yara\strutils.h">
      <Filter>Header Files\Third Party\yara\yara</Filter>
    </ClInclude>
    <ClInclude Include="yara\yara\types.h">
      <Filter>Header Files\Third Party\yara\yara</Filter>
    </ClInclude>
    <ClInclude Include="yara\yara\utils.h">
      <Filter>Header Files\Third Party\yara\yara</Filter>
    </ClInclude>
    <ClInclude Include="stringformat.h">
      <Filter>Header Files\Utilities</Filter>
    </ClInclude>
    <ClInclude Include="commandparser.h">
      <Filter>Header Files\Core</Filter>
    </ClInclude>
    <ClInclude Include="jansson\jansson_x64dbg.h">
      <Filter>Header Files\Third Party\jansson</Filter>
    </ClInclude>
    <ClInclude Include="expressionparser.h">
      <Filter>Header Files\Core</Filter>
    </ClInclude>
    <ClInclude Include="_scriptapi_debug.h">
      <Filter>Header Files\Interfaces/Exports\_scriptapi</Filter>
    </ClInclude>
    <ClInclude Include="_scriptapi_memory.h">
      <Filter>Header Files\Interfaces/Exports\_scriptapi</Filter>
    </ClInclude>
    <ClInclude Include="_scriptapi_module.h">
      <Filter>Header Files\Interfaces/Exports\_scriptapi</Filter>
    </ClInclude>
    <ClInclude Include="_scriptapi_register.h">
      <Filter>Header Files\Interfaces/Exports\_scriptapi</Filter>
    </ClInclude>
    <ClInclude Include="_scriptapi.h">
      <Filter>Header Files\Interfaces/Exports\_scriptapi</Filter>
    </ClInclude>
    <ClInclude Include="_scriptapi_pattern.h">
      <Filter>Header Files\Interfaces/Exports\_scriptapi</Filter>
    </ClInclude>
    <ClInclude Include="_scriptapi_gui.h">
      <Filter>Header Files\Interfaces/Exports\_scriptapi</Filter>
    </ClInclude>
    <ClInclude Include="_scriptapi_stack.h">
      <Filter>Header Files\Interfaces/Exports\_scriptapi</Filter>
    </ClInclude>
    <ClInclude Include="_scriptapi_assembler.h">
      <Filter>Header Files\Interfaces/Exports\_scriptapi</Filter>
    </ClInclude>
    <ClInclude Include="_scriptapi_misc.h">
      <Filter>Header Files\Interfaces/Exports\_scriptapi</Filter>
    </ClInclude>
    <ClInclude Include="_scriptapi_flag.h">
      <Filter>Header Files\Interfaces/Exports\_scriptapi</Filter>
    </ClInclude>
    <ClInclude Include="filehelper.h">
      <Filter>Header Files\Utilities</Filter>
    </ClInclude>
    <ClInclude Include="database.h">
      <Filter>Header Files\Information</Filter>
    </ClInclude>
    <ClInclude Include="jit.h">
      <Filter>Header Files\Debugger Core</Filter>
    </ClInclude>
    <ClInclude Include="yara\yara\stream.h">
      <Filter>Header Files\Third Party\yara\yara</Filter>
    </ClInclude>
    <ClInclude Include="commandline.h">
      <Filter>Header Files\Information</Filter>
    </ClInclude>
    <ClInclude Include="_scriptapi_label.h">
      <Filter>Header Files\Interfaces/Exports\_scriptapi</Filter>
    </ClInclude>
    <ClInclude Include="_scriptapi_comment.h">
      <Filter>Header Files\Interfaces/Exports\_scriptapi</Filter>
    </ClInclude>
    <ClInclude Include="_scriptapi_bookmark.h">
      <Filter>Header Files\Interfaces/Exports\_scriptapi</Filter>
    </ClInclude>
    <ClInclude Include="_scriptapi_function.h">
      <Filter>Header Files\Interfaces/Exports\_scriptapi</Filter>
    </ClInclude>
    <ClInclude Include="_scriptapi_symbol.h">
      <Filter>Header Files\Interfaces/Exports\_scriptapi</Filter>
    </ClInclude>
    <ClInclude Include="exhandlerinfo.h">
      <Filter>Header Files\Information</Filter>
    </ClInclude>
    <ClInclude Include="mnemonichelp.h">
      <Filter>Header Files\Information</Filter>
    </ClInclude>
    <ClInclude Include="TraceRecord.h">
      <Filter>Header Files\Information</Filter>
    </ClInclude>
    <ClInclude Include="handles.h">
      <Filter>Header Files\Information</Filter>
    </ClInclude>
    <ClInclude Include="tcpconnections.h">
      <Filter>Header Files\Information</Filter>
    </ClInclude>
    <ClInclude Include="xrefs.h">
      <Filter>Header Files\Information</Filter>
    </ClInclude>
    <ClInclude Include="argument.h">
      <Filter>Header Files\Information</Filter>
    </ClInclude>
    <ClInclude Include="serializablemap.h">
      <Filter>Header Files\Information</Filter>
    </ClInclude>
    <ClInclude Include="_scriptapi_argument.h">
      <Filter>Header Files\Interfaces/Exports\_scriptapi</Filter>
    </ClInclude>
    <ClInclude Include="encodemap.h">
      <Filter>Header Files\Information</Filter>
    </ClInclude>
    <ClInclude Include="datainst_helper.h">
      <Filter>Header Files\Utilities</Filter>
    </ClInclude>
    <ClInclude Include="historycontext.h">
      <Filter>Header Files\Information</Filter>
    </ClInclude>
    <ClInclude Include="watch.h">
      <Filter>Header Files\Information</Filter>
    </ClInclude>
    <ClInclude Include="taskthread.h">
      <Filter>Header Files\Utilities</Filter>
    </ClInclude>
    <ClInclude Include="expressionfunctions.h">
      <Filter>Header Files\Core</Filter>
    </ClInclude>
    <ClInclude Include="analysis\advancedanalysis.h">
      <Filter>Header Files\Analysis</Filter>
    </ClInclude>
    <ClInclude Include="analysis\analysis.h">
      <Filter>Header Files\Analysis</Filter>
    </ClInclude>
    <ClInclude Include="analysis\analysis_nukem.h">
      <Filter>Header Files\Analysis</Filter>
    </ClInclude>
    <ClInclude Include="analysis\AnalysisPass.h">
      <Filter>Header Files\Analysis</Filter>
    </ClInclude>
    <ClInclude Include="analysis\BasicBlock.h">
      <Filter>Header Files\Analysis</Filter>
    </ClInclude>
    <ClInclude Include="analysis\CodeFollowPass.h">
      <Filter>Header Files\Analysis</Filter>
    </ClInclude>
    <ClInclude Include="analysis\controlflowanalysis.h">
      <Filter>Header Files\Analysis</Filter>
    </ClInclude>
    <ClInclude Include="analysis\exceptiondirectoryanalysis.h">
      <Filter>Header Files\Analysis</Filter>
    </ClInclude>
    <ClInclude Include="analysis\FunctionPass.h">
      <Filter>Header Files\Analysis</Filter>
    </ClInclude>
    <ClInclude Include="analysis\linearanalysis.h">
      <Filter>Header Files\Analysis</Filter>
    </ClInclude>
    <ClInclude Include="analysis\LinearPass.h">
      <Filter>Header Files\Analysis</Filter>
    </ClInclude>
    <ClInclude Include="analysis\recursiveanalysis.h">
      <Filter>Header Files\Analysis</Filter>
    </ClInclude>
    <ClInclude Include="analysis\xrefsanalysis.h">
      <Filter>Header Files\Analysis</Filter>
    </ClInclude>
    <ClInclude Include="exprfunc.h">
      <Filter>Header Files\Debugger Core</Filter>
    </ClInclude>
    <ClInclude Include="yara\yara\integers.h">
      <Filter>Header Files\Third Party\yara\yara</Filter>
    </ClInclude>
    <ClInclude Include="yara\yara\threading.h">
      <Filter>Header Files\Third Party\yara\yara</Filter>
    </ClInclude>
    <ClInclude Include="animate.h">
      <Filter>Header Files\Utilities</Filter>
    </ClInclude>
    <ClInclude Include="commands\cmd-breakpoint-control.h">
      <Filter>Header Files\Commands</Filter>
    </ClInclude>
    <ClInclude Include="commands\cmd-conditional-breakpoint-control.h">
      <Filter>Header Files\Commands</Filter>
    </ClInclude>
    <ClInclude Include="commands\cmd-debug-control.h">
      <Filter>Header Files\Commands</Filter>
    </ClInclude>
    <ClInclude Include="commands\cmd-general-purpose.h">
      <Filter>Header Files\Commands</Filter>
    </ClInclude>
    <ClInclude Include="commands\cmd-memory-operations.h">
      <Filter>Header Files\Commands</Filter>
    </ClInclude>
    <ClInclude Include="commands\cmd-operating-system-control.h">
      <Filter>Header Files\Commands</Filter>
    </ClInclude>
    <ClInclude Include="commands\cmd-thread-control.h">
      <Filter>Header Files\Commands</Filter>
    </ClInclude>
    <ClInclude Include="commands\cmd-tracing.h">
      <Filter>Header Files\Commands</Filter>
    </ClInclude>
    <ClInclude Include="commands\cmd-watch-control.h">
      <Filter>Header Files\Commands</Filter>
    </ClInclude>
    <ClInclude Include="commands\cmd-variables.h">
      <Filter>Header Files\Commands</Filter>
    </ClInclude>
    <ClInclude Include="commands\cmd-searching.h">
      <Filter>Header Files\Commands</Filter>
    </ClInclude>
    <ClInclude Include="commands\cmd-user-database.h">
      <Filter>Header Files\Commands</Filter>
    </ClInclude>
    <ClInclude Include="commands\cmd-analysis.h">
      <Filter>Header Files\Commands</Filter>
    </ClInclude>
    <ClInclude Include="commands\cmd-types.h">
      <Filter>Header Files\Commands</Filter>
    </ClInclude>
    <ClInclude Include="commands\cmd-plugins.h">
      <Filter>Header Files\Commands</Filter>
    </ClInclude>
    <ClInclude Include="commands\cmd-script.h">
      <Filter>Header Files\Commands</Filter>
    </ClInclude>
    <ClInclude Include="commands\cmd-misc.h">
      <Filter>Header Files\Commands</Filter>
    </ClInclude>
    <ClInclude Include="commands\cmd-undocumented.h">
      <Filter>Header Files\Commands</Filter>
    </ClInclude>
    <ClInclude Include="commands\cmd-all.h">
      <Filter>Header Files\Commands</Filter>
    </ClInclude>
    <ClInclude Include="commands\cmd-gui.h">
      <Filter>Header Files\Commands</Filter>
    </ClInclude>
    <ClInclude Include="x64dbg.h">
      <Filter>Header Files</Filter>
    </ClInclude>
    <ClInclude Include="types.h">
      <Filter>Header Files\Core</Filter>
    </ClInclude>
    <ClInclude Include="btparser\btparser\ast.h">
      <Filter>Header Files\btparser</Filter>
    </ClInclude>
    <ClInclude Include="btparser\btparser\keywords.h">
      <Filter>Header Files\btparser</Filter>
    </ClInclude>
    <ClInclude Include="btparser\btparser\lexer.h">
      <Filter>Header Files\btparser</Filter>
    </ClInclude>
    <ClInclude Include="btparser\btparser\operators.h">
      <Filter>Header Files\btparser</Filter>
    </ClInclude>
    <ClInclude Include="btparser\btparser\parser.h">
      <Filter>Header Files\btparser</Filter>
    </ClInclude>
    <ClInclude Include="btparser\btparser\helpers.h">
      <Filter>Header Files\btparser</Filter>
    </ClInclude>
    <ClInclude Include="filemap.h">
      <Filter>Header Files\Utilities</Filter>
    </ClInclude>
    <ClInclude Include="formatfunctions.h">
      <Filter>Header Files\Core</Filter>
    </ClInclude>
    <ClInclude Include="GetPeArch.h">
      <Filter>Header Files\Utilities</Filter>
    </ClInclude>
    <ClInclude Include="debugger_cookie.h">
      <Filter>Header Files\Debugger Core</Filter>
    </ClInclude>
    <ClInclude Include="debugger_tracing.h">
      <Filter>Header Files\Debugger Core</Filter>
    </ClInclude>
    <ClInclude Include="msdia\cvConst.h">
      <Filter>Header Files\Third Party\msdia</Filter>
    </ClInclude>
    <ClInclude Include="msdia\dia2.h">
      <Filter>Header Files\Third Party\msdia</Filter>
    </ClInclude>
    <ClInclude Include="msdia\diaCreate.h">
      <Filter>Header Files\Third Party\msdia</Filter>
    </ClInclude>
    <ClInclude Include="symbolsourcebase.h">
      <Filter>Header Files\Symbols</Filter>
    </ClInclude>
    <ClInclude Include="symcache.h">
      <Filter>Header Files\Symbols</Filter>
    </ClInclude>
    <ClInclude Include="symbolinfo.h">
      <Filter>Header Files\Symbols</Filter>
    </ClInclude>
    <ClInclude Include="pdbdiatypes.h">
      <Filter>Header Files\Symbols</Filter>
    </ClInclude>
    <ClInclude Include="pdbdiafile.h">
      <Filter>Header Files\Symbols</Filter>
    </ClInclude>
    <ClInclude Include="sortedlru.h">
      <Filter>Header Files\Symbols</Filter>
    </ClInclude>
    <ClInclude Include="symbolsourcedia.h">
      <Filter>Header Files\Symbols</Filter>
    </ClInclude>
    <ClInclude Include="WinInet-Downloader\downslib.h">
      <Filter>Header Files\Third Party\WinInet-Downloader</Filter>
    </ClInclude>
    <ClInclude Include="symbolundecorator.h">
      <Filter>Header Files\Symbols</Filter>
    </ClInclude>
    <ClInclude Include="rapidjson\include\rapidjson\allocators.h">
      <Filter>Header Files\Third Party\rapidjson</Filter>
    </ClInclude>
    <ClInclude Include="rapidjson\include\rapidjson\cursorstreamwrapper.h">
      <Filter>Header Files\Third Party\rapidjson</Filter>
    </ClInclude>
    <ClInclude Include="rapidjson\include\rapidjson\document.h">
      <Filter>Header Files\Third Party\rapidjson</Filter>
    </ClInclude>
    <ClInclude Include="rapidjson\include\rapidjson\encodedstream.h">
      <Filter>Header Files\Third Party\rapidjson</Filter>
    </ClInclude>
    <ClInclude Include="rapidjson\include\rapidjson\encodings.h">
      <Filter>Header Files\Third Party\rapidjson</Filter>
    </ClInclude>
    <ClInclude Include="rapidjson\include\rapidjson\filereadstream.h">
      <Filter>Header Files\Third Party\rapidjson</Filter>
    </ClInclude>
    <ClInclude Include="rapidjson\include\rapidjson\filewritestream.h">
      <Filter>Header Files\Third Party\rapidjson</Filter>
    </ClInclude>
    <ClInclude Include="rapidjson\include\rapidjson\fwd.h">
      <Filter>Header Files\Third Party\rapidjson</Filter>
    </ClInclude>
    <ClInclude Include="rapidjson\include\rapidjson\istreamwrapper.h">
      <Filter>Header Files\Third Party\rapidjson</Filter>
    </ClInclude>
    <ClInclude Include="rapidjson\include\rapidjson\memorybuffer.h">
      <Filter>Header Files\Third Party\rapidjson</Filter>
    </ClInclude>
    <ClInclude Include="rapidjson\include\rapidjson\memorystream.h">
      <Filter>Header Files\Third Party\rapidjson</Filter>
    </ClInclude>
    <ClInclude Include="rapidjson\include\rapidjson\ostreamwrapper.h">
      <Filter>Header Files\Third Party\rapidjson</Filter>
    </ClInclude>
    <ClInclude Include="rapidjson\include\rapidjson\pointer.h">
      <Filter>Header Files\Third Party\rapidjson</Filter>
    </ClInclude>
    <ClInclude Include="rapidjson\include\rapidjson\prettywriter.h">
      <Filter>Header Files\Third Party\rapidjson</Filter>
    </ClInclude>
    <ClInclude Include="rapidjson\include\rapidjson\rapidjson.h">
      <Filter>Header Files\Third Party\rapidjson</Filter>
    </ClInclude>
    <ClInclude Include="rapidjson\include\rapidjson\reader.h">
      <Filter>Header Files\Third Party\rapidjson</Filter>
    </ClInclude>
    <ClInclude Include="rapidjson\include\rapidjson\schema.h">
      <Filter>Header Files\Third Party\rapidjson</Filter>
    </ClInclude>
    <ClInclude Include="rapidjson\include\rapidjson\stream.h">
      <Filter>Header Files\Third Party\rapidjson</Filter>
    </ClInclude>
    <ClInclude Include="rapidjson\include\rapidjson\stringbuffer.h">
      <Filter>Header Files\Third Party\rapidjson</Filter>
    </ClInclude>
    <ClInclude Include="rapidjson\include\rapidjson\writer.h">
      <Filter>Header Files\Third Party\rapidjson</Filter>
    </ClInclude>
    <ClInclude Include="rapidjson\include\rapidjson\msinttypes\inttypes.h">
      <Filter>Header Files\Third Party\rapidjson\msinttypes</Filter>
    </ClInclude>
    <ClInclude Include="rapidjson\include\rapidjson\msinttypes\stdint.h">
      <Filter>Header Files\Third Party\rapidjson\msinttypes</Filter>
    </ClInclude>
    <ClInclude Include="rapidjson\include\rapidjson\internal\biginteger.h">
      <Filter>Header Files\Third Party\rapidjson\internal</Filter>
    </ClInclude>
    <ClInclude Include="rapidjson\include\rapidjson\internal\diyfp.h">
      <Filter>Header Files\Third Party\rapidjson\internal</Filter>
    </ClInclude>
    <ClInclude Include="rapidjson\include\rapidjson\internal\dtoa.h">
      <Filter>Header Files\Third Party\rapidjson\internal</Filter>
    </ClInclude>
    <ClInclude Include="rapidjson\include\rapidjson\internal\ieee754.h">
      <Filter>Header Files\Third Party\rapidjson\internal</Filter>
    </ClInclude>
    <ClInclude Include="rapidjson\include\rapidjson\internal\itoa.h">
      <Filter>Header Files\Third Party\rapidjson\internal</Filter>
    </ClInclude>
    <ClInclude Include="rapidjson\include\rapidjson\internal\meta.h">
      <Filter>Header Files\Third Party\rapidjson\internal</Filter>
    </ClInclude>
    <ClInclude Include="rapidjson\include\rapidjson\internal\pow10.h">
      <Filter>Header Files\Third Party\rapidjson\internal</Filter>
    </ClInclude>
    <ClInclude Include="rapidjson\include\rapidjson\internal\regex.h">
      <Filter>Header Files\Third Party\rapidjson\internal</Filter>
    </ClInclude>
    <ClInclude Include="rapidjson\include\rapidjson\internal\stack.h">
      <Filter>Header Files\Third Party\rapidjson\internal</Filter>
    </ClInclude>
    <ClInclude Include="rapidjson\include\rapidjson\internal\strfunc.h">
      <Filter>Header Files\Third Party\rapidjson\internal</Filter>
    </ClInclude>
    <ClInclude Include="rapidjson\include\rapidjson\internal\strtod.h">
      <Filter>Header Files\Third Party\rapidjson\internal</Filter>
    </ClInclude>
    <ClInclude Include="rapidjson\include\rapidjson\internal\swap.h">
      <Filter>Header Files\Third Party\rapidjson\internal</Filter>
    </ClInclude>
    <ClInclude Include="rapidjson\include\rapidjson\error\en.h">
      <Filter>Header Files\Third Party\rapidjson\error</Filter>
    </ClInclude>
    <ClInclude Include="rapidjson\include\rapidjson\error\error.h">
      <Filter>Header Files\Third Party\rapidjson\error</Filter>
    </ClInclude>
  </ItemGroup>
</Project>