version = 1
revision = 1
requires-python = ">=3.11"

[[package]]
name = "capstone"
version = "5.0.6"
source = { registry = "https://pypi.org/simple" }
sdist = { url = "https://files.pythonhosted.org/packages/d5/b0/1f126035a4cbc6f488b97e4bd57a46a28b6ba29ca8b938cbda840601a18a/capstone-5.0.6.tar.gz", hash = "sha256:b11a87d67751b006b9b44428d59c99512e6d6c89cf7dff8cdd92d9065628b5a0", size = 2945704 }
wheels = [
    { url = "https://files.pythonhosted.org/packages/cd/9a/d9c11e090fa03dfc61a03a57ba44c6a07370f4ac5814f2a5804bfd40ee8b/capstone-5.0.6-py3-none-macosx_10_9_universal2.whl", hash = "sha256:0bca16e1c3ca1b928df6103b3889dcb6df7b05392d75a0b7af3508798148b899", size = 2177082 },
    { url = "https://files.pythonhosted.org/packages/66/28/72a0be2325e6ee459f27cdcd835d3eee6fed5136321b5f7be41b41dc8656/capstone-5.0.6-py3-none-macosx_10_9_x86_64.whl", hash = "sha256:539191906a34ad1c573ec12b787b2caf154ea41175db6ded9def00aea8151099", size = 1180215 },
    { url = "https://files.pythonhosted.org/packages/54/93/7b8fb02661d47a2822d5b640df804ef310417144af02e6db3446f174c4b5/capstone-5.0.6-py3-none-macosx_11_0_arm64.whl", hash = "sha256:e0b87b283905e4fc43635ca04cf26f4a5d9e8375852e5464d38938f3a28c207a", size = 1192757 },
    { url = "https://files.pythonhosted.org/packages/ba/a2/d1bdb7260ade8165182979ea16098ef3a37c01316140511a611e549dbfe3/capstone-5.0.6-py3-none-manylinux_2_17_aarch64.manylinux2014_aarch64.whl", hash = "sha256:fa7892f0c89455078c18f07d2d309fb07baa53061b8f9a63db1ea00d41a46726", size = 1458413 },
    { url = "https://files.pythonhosted.org/packages/78/7f/ec0687bbe8f6b128f1d41d90ec7cedfd1aaaa4ecb1ae8d334acc7dad8013/capstone-5.0.6-py3-none-manylinux_2_17_x86_64.manylinux2014_x86_64.whl", hash = "sha256:0358855773100bb91ae6681fabce7299df83156945ba943f6211061a592c54a6", size = 1481605 },
    { url = "https://files.pythonhosted.org/packages/fc/1d/77bb0f79e1dacdfdcc0679c747d9ca24cc621095e09bdb665e7dd0c580ae/capstone-5.0.6-py3-none-manylinux_2_5_i686.manylinux1_i686.manylinux_2_17_i686.manylinux2014_i686.whl", hash = "sha256:667d6466dab1522fa5e9659be5cf1aca83e4fc3da7d15d0e5e6047f71fb46c4a", size = 1480730 },
    { url = "https://files.pythonhosted.org/packages/72/63/07437972f68d0b2ba13e1705a6994404c9c961afbadc342c5b6fcf1de652/capstone-5.0.6-py3-none-musllinux_1_2_aarch64.whl", hash = "sha256:45c0e25500dd8d283d3b70f2e10cebfec93ab8bdaf6af9a763a0a999b4705891", size = 1457992 },
    { url = "https://files.pythonhosted.org/packages/0c/53/f371e86493a2ae659b5a493c3cc23122974e83a1f53d3a5638d7bb7ac371/capstone-5.0.6-py3-none-musllinux_1_2_i686.whl", hash = "sha256:22f1f2f118f8fa1d1c5c90bca90e75864d55e16349b3c03aaea0e86b4a45d2a9", size = 1484184 },
    { url = "https://files.pythonhosted.org/packages/df/c3/8b842ae32949c3570581164619c2f69001c6d8da566dc2e490372032b0d6/capstone-5.0.6-py3-none-musllinux_1_2_x86_64.whl", hash = "sha256:bc23cf634f51d0e53bdd04ea53ccfff7fc9060dfe58dff1e1b260ce40e5538ff", size = 1485357 },
    { url = "https://files.pythonhosted.org/packages/da/72/ff7894c2fb5716d9a3ce9c27ba34b29d991a11d8442d2ef0fcdc5564ba7e/capstone-5.0.6-py3-none-win_amd64.whl", hash = "sha256:761c3deae00b22ac697081cdae1383bb90659dd0d79387a09cf5bdbb22b17064", size = 1271345 },
]

[[package]]
name = "icicle-emu"
version = "0.0.10"
source = { registry = "https://pypi.org/simple" }
sdist = { url = "https://files.pythonhosted.org/packages/4e/de/6e175464b29336d7014e8dce1b42566b147aba6a7526529839a2bc9deb0a/icicle_emu-0.0.10.tar.gz", hash = "sha256:19c26f5464c59e695d05caa3c9e0b93fdb14dcf4106c2890a1fd4c2bf43cdd5a", size = 1806163 }
wheels = [
    { url = "https://files.pythonhosted.org/packages/da/7b/34f25638ef1933a343efa0cf4ef7c370926435011c515b87e4803c2c739a/icicle_emu-0.0.10-cp37-abi3-macosx_10_12_universal2.whl", hash = "sha256:a549e91c2fba6e0717e60467d61f65d7fb55a9f6e01757fcf2ded62665d9fe94", size = 5452945 },
    { url = "https://files.pythonhosted.org/packages/13/8d/2a846b5d70eeaa5a540a6ea906656c9c404fde20e04c55a5366a1df78083/icicle_emu-0.0.10-cp37-abi3-manylinux_2_28_x86_64.whl", hash = "sha256:dd959a2bb194ba1e2e44b5117604fe5323b16a35347619ae4ef1e03f5b71368d", size = 3718153 },
    { url = "https://files.pythonhosted.org/packages/bd/47/282cb974bc947bd09dacc929805dca4eaeb93d59fdea8d82ed664e54e91e/icicle_emu-0.0.10-cp37-abi3-win_amd64.whl", hash = "sha256:e64066c5f896c74df36a2531f743c96ff6a154cb4defdad45b7795dc9a47686d", size = 3244949 },
]

[[package]]
name = "lief"
version = "0.16.4"
source = { registry = "https://pypi.org/simple" }
wheels = [
    { url = "https://files.pythonhosted.org/packages/c0/fe/5418787238d321118bdbc05f2c25fda11afc6367299bb35ffa072b0a534a/lief-0.16.4-cp311-cp311-macosx_11_0_arm64.whl", hash = "sha256:9ac39ce86488ab3dd8b45d15968b696ed2bc13e3471f6fe2d3783ad1c86adae3", size = 2645185 },
    { url = "https://files.pythonhosted.org/packages/24/af/83e497e25f13c789d1df82c492cba111ee9bfbdec7b697c8f812a0162764/lief-0.16.4-cp311-cp311-macosx_11_0_x86_64.whl", hash = "sha256:1cc3bdc8ecc400c398b31e15fdab9986d43e1388d9727fce0300dca0a5e65c17", size = 2735588 },
    { url = "https://files.pythonhosted.org/packages/8a/00/0d48504545e20a46d537a3e29b4e7662790e8c693e86e8b7530f1cf82d33/lief-0.16.4-cp311-cp311-manylinux2014_aarch64.whl", hash = "sha256:621e0988efdf691e56fd6a8afe68cdeb4aea7cf935de3cbbcbec3455c6e57076", size = 3271863 },
    { url = "https://files.pythonhosted.org/packages/12/7f/53c6ba841ec45ddc92b1c4743baa7096c650aa645197191470ae80035d52/lief-0.16.4-cp311-cp311-manylinux_2_28_x86_64.whl", hash = "sha256:8b1f328d6e955cccb798353105abdb9983c251556927258e55b02e2aa60d5645", size = 2985505 },
    { url = "https://files.pythonhosted.org/packages/28/28/f9c377b58706fb718d07ba42e62dd5332320f3465475e2c525b872905f6a/lief-0.16.4-cp311-cp311-musllinux_1_2_x86_64.whl", hash = "sha256:d1d062baacc79781f1143a01d057d0e0a857b1f80489b330684c57b76ec12e7f", size = 3295834 },
    { url = "https://files.pythonhosted.org/packages/0f/3e/d7747f8dc7fcda21847e6d82b18c2177be17a5b25127b5ed87f5c266ced8/lief-0.16.4-cp311-cp311-win32.whl", hash = "sha256:7286e473544f85ba6c60b5afba0c3b9df3fd96d315d64a457c02cc7ce68b9711", size = 3044978 },
    { url = "https://files.pythonhosted.org/packages/39/9d/87abdaeeee4208d426bd436c75ebfc9efac22a60f67e38652a97c9cb7355/lief-0.16.4-cp311-cp311-win_amd64.whl", hash = "sha256:038b6d8910a4ff832ff6d77e439f55ec53f6c9426842ebe54bae9c26e3c36edb", size = 3172517 },
    { url = "https://files.pythonhosted.org/packages/97/ac/462765b19cfdf30ab7b77584766ea52db5c451501b9521f0d566019b78f6/lief-0.16.4-cp312-cp312-macosx_11_0_arm64.whl", hash = "sha256:55e48dcb17c2ba2fbee5dd6cf68315b5a417fcfb5cb778a4298b09cd6c3dae4a", size = 2642519 },
    { url = "https://files.pythonhosted.org/packages/30/72/a07660bf542eca17e5ea6747d10fba4aa73139e16f5c56ad4041e76b6343/lief-0.16.4-cp312-cp312-macosx_11_0_x86_64.whl", hash = "sha256:28ba25ebd22fc6bc81ae50108d5e7bc0ac3fd243dd606d12e8f96678bf82c1d0", size = 2743028 },
    { url = "https://files.pythonhosted.org/packages/54/31/3b59440766d9ea5ecac0cabc49fa3a7e4efb142b1fd47ee3ddcf62a1dc22/lief-0.16.4-cp312-cp312-manylinux2014_aarch64.whl", hash = "sha256:9ada948c418de2a994084fa405c28e2b36b12c3c098e69b7f77b563f049a61b5", size = 3275999 },
    { url = "https://files.pythonhosted.org/packages/7a/35/8e330c50e1cf6c23a41d6e0ff3817d325a55ed4ff8bb06694472f00de69f/lief-0.16.4-cp312-cp312-manylinux_2_28_x86_64.whl", hash = "sha256:457a703c2b15f3465c415485506ce7f121f884f0ca82b13a08777758cb346c80", size = 2992553 },
    { url = "https://files.pythonhosted.org/packages/30/f9/3a725c4d09d46a814883fd6e63cb9eccaaaa23e45372bb73c3ab1c0e34e9/lief-0.16.4-cp312-cp312-musllinux_1_2_x86_64.whl", hash = "sha256:8ba0b038eb7e8953d6c85347cba7cb353a79d122585e0797e3f1a75352ff6321", size = 3301839 },
    { url = "https://files.pythonhosted.org/packages/00/9c/1051c681702740d92bc125c74a5b74e20d873ee04686d9d6a44e028fe6bb/lief-0.16.4-cp312-cp312-win32.whl", hash = "sha256:06cd2432def66454785add6b8f14f2cf9f7ef4168cf2eb24367192953fb33206", size = 3053189 },
    { url = "https://files.pythonhosted.org/packages/39/6e/f4a2d1c0e47939d407d8fe894c78964249bd8efd172be75878054051b688/lief-0.16.4-cp312-cp312-win_amd64.whl", hash = "sha256:c6363bf971135a4c65e2fa151e456995bb6ecb38c00f1ed9f8d4c6a625111556", size = 3182188 },
    { url = "https://files.pythonhosted.org/packages/67/1a/e93b937628e7a48b6f12ff6196a2471c890df3d023b1d7d590873b881e9a/lief-0.16.4-cp313-cp313-macosx_11_0_arm64.whl", hash = "sha256:dec20dc5c6e146743ce99b2b883500326a7eedfbdd53f50be9db037a055cc840", size = 2641883 },
    { url = "https://files.pythonhosted.org/packages/2a/d5/4b7342c9d9bdfe46837446dbf0cb018832fe5a8794c0d9c9d57795a58d8e/lief-0.16.4-cp313-cp313-macosx_11_0_x86_64.whl", hash = "sha256:4aa2bc911936cdf0ff21109963ddf93eaf2366304fc5e87a2b084e2dbbfe1f52", size = 2742752 },
    { url = "https://files.pythonhosted.org/packages/93/51/5f1a7741227482703323c819144b3d396765ff540a5ce70b900cc87ec888/lief-0.16.4-cp313-cp313-manylinux2014_aarch64.whl", hash = "sha256:2ba064016a68598eaa0d0c322f7fae06af62baf6265c9ff8ec17c92aea157ce4", size = 3280516 },
    { url = "https://files.pythonhosted.org/packages/c9/67/e91dcb95552cb684dfbb72f097534945e527d79baa9528d7a3ef99ccf64f/lief-0.16.4-cp313-cp313-manylinux_2_28_x86_64.whl", hash = "sha256:3b79275054b85af5857754c262b111aaf55455240acca52f02c82f9a6e526fd8", size = 2992545 },
    { url = "https://files.pythonhosted.org/packages/b4/fa/30ecfc19432456353612bd8e547c4a92b05d1a1fb145a1279e23b59e0278/lief-0.16.4-cp313-cp313-musllinux_1_2_x86_64.whl", hash = "sha256:fd9a8ebd338a8147e6f8fc2115e5965a11b8c12f09b8afe91473d9905c6ee88f", size = 3301597 },
    { url = "https://files.pythonhosted.org/packages/3c/15/b1518db49c4d69232631133cd2b3b34a5691015c5e7394c5f38c0eba15c1/lief-0.16.4-cp313-cp313-win32.whl", hash = "sha256:9e103cc2bee8ff8d960ead8a094fc6aa9878b9ebeae0c1785d1e5bc2428ec4a4", size = 3053184 },
    { url = "https://files.pythonhosted.org/packages/ad/da/2b01fafc36aeb9a0c0949f5ffaba0a4562c6e77276fbd6b6cbf87387087c/lief-0.16.4-cp313-cp313-win_amd64.whl", hash = "sha256:775661661d0c4d33429f99e6cfd7f0e0c3781191be81c79eaa4a9f2c68929ebd", size = 3182245 },
]

[[package]]
name = "pefile"
version = "2024.8.26"
source = { registry = "https://pypi.org/simple" }
sdist = { url = "https://files.pythonhosted.org/packages/03/4f/2750f7f6f025a1507cd3b7218691671eecfd0bbebebe8b39aa0fe1d360b8/pefile-2024.8.26.tar.gz", hash = "sha256:3ff6c5d8b43e8c37bb6e6dd5085658d658a7a0bdcd20b6a07b1fcfc1c4e9d632", size = 76008 }
wheels = [
    { url = "https://files.pythonhosted.org/packages/54/16/12b82f791c7f50ddec566873d5bdd245baa1491bac11d15ffb98aecc8f8b/pefile-2024.8.26-py3-none-any.whl", hash = "sha256:76f8b485dcd3b1bb8166f1128d395fa3d87af26360c2358fb75b80019b957c6f", size = 74766 },
]

[[package]]
name = "pyelftools"
version = "0.32"
source = { registry = "https://pypi.org/simple" }
sdist = { url = "https://files.pythonhosted.org/packages/b9/ab/33968940b2deb3d92f5b146bc6d4009a5f95d1d06c148ea2f9ee965071af/pyelftools-0.32.tar.gz", hash = "sha256:6de90ee7b8263e740c8715a925382d4099b354f29ac48ea40d840cf7aa14ace5", size = 15047199 }
wheels = [
    { url = "https://files.pythonhosted.org/packages/af/43/700932c4f0638c3421177144a2e86448c0d75dbaee2c7936bda3f9fd0878/pyelftools-0.32-py3-none-any.whl", hash = "sha256:013df952a006db5e138b1edf6d8a68ecc50630adbd0d83a2d41e7f846163d738", size = 188525 },
]

[[package]]
name = "pyside6"
version = "6.9.0"
source = { registry = "https://pypi.org/simple" }
dependencies = [
    { name = "pyside6-addons" },
    { name = "pyside6-essentials" },
    { name = "shiboken6" },
]
wheels = [
    { url = "https://files.pythonhosted.org/packages/46/74/0b465aa77644cfc3bfde912bb999b5a441d92c699272cab722335e92df3e/PySide6-6.9.0-cp39-abi3-macosx_12_0_universal2.whl", hash = "sha256:b8f286a1bd143f3b2bdf08367b9362b13f469d26986c25700af9c4c68f79213e", size = 558001 },
    { url = "https://files.pythonhosted.org/packages/91/53/ce78d2c279a4ed7d4baf5089a5ebff45d675670a42daa5e0f8dbb9ced6ed/PySide6-6.9.0-cp39-abi3-manylinux_2_28_x86_64.whl", hash = "sha256:09239d1b808f18efccd3803db874d683917efcdebfdf0e8dec449cf50e74e7aa", size = 558139 },
    { url = "https://files.pythonhosted.org/packages/4b/54/41d6ab0847c043f1fd96433a87ffd09a7cf17e11f5587e91e152777ec010/PySide6-6.9.0-cp39-abi3-manylinux_2_39_aarch64.whl", hash = "sha256:1a176409dd0dd12b72d2c78b776e5051f569071ec52b7aaadd0a5b3333493c24", size = 558139 },
    { url = "https://files.pythonhosted.org/packages/63/03/55a632191beadd6bc59b04055961e2c3224a3475a906a63d1899a5ab493d/PySide6-6.9.0-cp39-abi3-win_amd64.whl", hash = "sha256:0103e5d161696db40d75bfbf4e4b7d4f3372903c1b400c4e3379377b62c50290", size = 564479 },
    { url = "https://files.pythonhosted.org/packages/e8/80/340523ecb17d2a168d7e37dfd8a7a0eebb81dcbec4870447f132f2a1a28e/PySide6-6.9.0-cp39-abi3-win_arm64.whl", hash = "sha256:846fbccf0b3501eb31cf0791a46e137615efba6ce540da2b426d79fa3e7762c4", size = 401752 },
]

[[package]]
name = "pyside6-addons"
version = "6.9.0"
source = { registry = "https://pypi.org/simple" }
dependencies = [
    { name = "pyside6-essentials" },
    { name = "shiboken6" },
]
wheels = [
    { url = "https://files.pythonhosted.org/packages/e8/a4/211077b3f30342827b2c543f80a5f6bc483ff3af6be99766984618e68fb6/PySide6_Addons-6.9.0-cp39-abi3-macosx_12_0_universal2.whl", hash = "sha256:98f9ad4b65820736e12d49c18db2e570eac63727407fbb59a62ac753e89dc201", size = 315606763 },
    { url = "https://files.pythonhosted.org/packages/58/c1/21224090a7ee7e9ce5699e5bf16b84d576b7587f0712ccb6862a8b28476c/PySide6_Addons-6.9.0-cp39-abi3-manylinux_2_28_x86_64.whl", hash = "sha256:fc9dcd63a0ce7565f238cb11c44494435a50eb6cb72b8dbce3b709618989c3dc", size = 166252767 },
    { url = "https://files.pythonhosted.org/packages/85/c3/add4948cf15648db542531a5c292f9de946ee288243730be7607499936ec/PySide6_Addons-6.9.0-cp39-abi3-manylinux_2_39_aarch64.whl", hash = "sha256:d8a650644e0b9d1e7a092f6bcd11f25a63706d12f77d442b6ace75d346ab5d30", size = 161938789 },
    { url = "https://files.pythonhosted.org/packages/77/c0/b1718f62d1fcc9bac4c410d4150d7e1214235e73cc18f39dc36ad49f093f/PySide6_Addons-6.9.0-cp39-abi3-win_amd64.whl", hash = "sha256:8cf54065b3d1b4698448fad825378a25c10ef52017d9dff48cead03200636d8d", size = 142994491 },
    { url = "https://files.pythonhosted.org/packages/29/aa/810ceb3d111fa6a0cc865520e05198dd0cad4855558c8c8309d4d3852854/PySide6_Addons-6.9.0-cp39-abi3-win_arm64.whl", hash = "sha256:260a56da59539f476c1635a3ff13591e10f1b04d92155c0617129bc53ca8b5f8", size = 26840861 },
]

[[package]]
name = "pyside6-essentials"
version = "6.9.0"
source = { registry = "https://pypi.org/simple" }
dependencies = [
    { name = "shiboken6" },
]
wheels = [
    { url = "https://files.pythonhosted.org/packages/98/ac/a3c8097d6fdcf414d961bdc0d532381d0ee141e4c699f5e2b881a7c3613f/PySide6_Essentials-6.9.0-cp39-abi3-macosx_12_0_universal2.whl", hash = "sha256:b18e3e01b507e8a57481fe19792eb373d5f10a23a50702ce540da1435e722f39", size = 131981893 },
    { url = "https://files.pythonhosted.org/packages/9e/fd/46b713827007162de9108b22d01702868e75f31585da7eca5a79e3435590/PySide6_Essentials-6.9.0-cp39-abi3-manylinux_2_28_x86_64.whl", hash = "sha256:45eaf7f17688d1991f39680dbfd3c41674f3cbb78f278aa10fe0b5f2f31c1989", size = 94232483 },
    { url = "https://files.pythonhosted.org/packages/ff/f1/72e1d400017a658e271594c8bd9c447c623dfd4fb936f4e043a4f9a8c93b/PySide6_Essentials-6.9.0-cp39-abi3-manylinux_2_39_aarch64.whl", hash = "sha256:69aedfad77119c5bec0005ca31d5620e9bac8ba5ae66c7389160530cfd698ed8", size = 92102516 },
    { url = "https://files.pythonhosted.org/packages/96/8a/bc710350c4cf6894968e39970eaa613b85a82eb1f230052de597e44a00ac/PySide6_Essentials-6.9.0-cp39-abi3-win_amd64.whl", hash = "sha256:94a0096d6bb1d3e5cef29ca4a5366d0f229d42480fbb17aa25ad85d72b1b7947", size = 72336994 },
    { url = "https://files.pythonhosted.org/packages/49/a4/703e379a0979985f681cf04b9af4129f5dde20141b3cc64fc2a39d006614/PySide6_Essentials-6.9.0-cp39-abi3-win_arm64.whl", hash = "sha256:d2dc45536f2269ad111991042e81257124f1cd1c9ed5ea778d7224fd65dc9e2b", size = 49449220 },
]

[[package]]
name = "remote-server"
version = "0.1.0"
source = { virtual = "." }
dependencies = [
    { name = "capstone" },
    { name = "icicle-emu" },
    { name = "lief" },
    { name = "pefile" },
    { name = "pyelftools" },
    { name = "pyside6" },
    { name = "websockets" },
]

[package.metadata]
requires-dist = [
    { name = "capstone", specifier = ">=5.0.6" },
    { name = "icicle-emu", specifier = ">=0.0.10" },
    { name = "lief", specifier = ">=0.16.4" },
    { name = "pefile", specifier = ">=2024.8.26" },
    { name = "pyelftools", specifier = ">=0.32" },
    { name = "pyside6", specifier = ">=6.9.0" },
    { name = "websockets", specifier = ">=15.0.1" },
]

[[package]]
name = "shiboken6"
version = "6.9.0"
source = { registry = "https://pypi.org/simple" }
wheels = [
    { url = "https://files.pythonhosted.org/packages/be/85/97b36b045a233bcea9580e8c99d5c76d65cf9727dad8cb173527f6717471/shiboken6-6.9.0-cp39-abi3-macosx_12_0_universal2.whl", hash = "sha256:c4d8e3a5907154ac4789e52c77957db95bcf584238c244d7743cb39e9b66dd26", size = 407067 },
    { url = "https://files.pythonhosted.org/packages/45/d3/f6ddef22d4f2ac11c079157ad3714d9b1fb9324d9cd3b200f824923fe2ba/shiboken6-6.9.0-cp39-abi3-manylinux_2_28_x86_64.whl", hash = "sha256:3f585caae5b814a7e23308db0a077355a7dc20c34d58ca4c339ff7625e9a1936", size = 206509 },
    { url = "https://files.pythonhosted.org/packages/0d/59/6a91aad272fe89bf2293b7864fb6e926822c93a2f6192611528c6945196d/shiboken6-6.9.0-cp39-abi3-manylinux_2_39_aarch64.whl", hash = "sha256:b61579b90bf9c53ecc174085a69429166dfe57a0b8b894f933d1281af9df6568", size = 202809 },
    { url = "https://files.pythonhosted.org/packages/e2/6e/cf00d723ab141132fb6d35ba8faf109cbc0ee83412016343600abb423149/shiboken6-6.9.0-cp39-abi3-win_amd64.whl", hash = "sha256:121ea290ed1afa5ad6abf690b377612693436292b69c61b0f8e10b1f0850f935", size = 1153132 },
    { url = "https://files.pythonhosted.org/packages/b5/01/d59babab05786c99ebabdd152864ea3d4c500160979952c620eec68b1ff2/shiboken6-6.9.0-cp39-abi3-win_arm64.whl", hash = "sha256:24f53857458881b54798d7e35704611d07f6b6885bcdf80f13a4c8bb485b8df2", size = 1831261 },
]

[[package]]
name = "websockets"
version = "15.0.1"
source = { registry = "https://pypi.org/simple" }
sdist = { url = "https://files.pythonhosted.org/packages/21/e6/26d09fab466b7ca9c7737474c52be4f76a40301b08362eb2dbc19dcc16c1/websockets-15.0.1.tar.gz", hash = "sha256:82544de02076bafba038ce055ee6412d68da13ab47f0c60cab827346de828dee", size = 177016 }
wheels = [
    { url = "https://files.pythonhosted.org/packages/9f/32/18fcd5919c293a398db67443acd33fde142f283853076049824fc58e6f75/websockets-15.0.1-cp311-cp311-macosx_10_9_universal2.whl", hash = "sha256:823c248b690b2fd9303ba00c4f66cd5e2d8c3ba4aa968b2779be9532a4dad431", size = 175423 },
    { url = "https://files.pythonhosted.org/packages/76/70/ba1ad96b07869275ef42e2ce21f07a5b0148936688c2baf7e4a1f60d5058/websockets-15.0.1-cp311-cp311-macosx_10_9_x86_64.whl", hash = "sha256:678999709e68425ae2593acf2e3ebcbcf2e69885a5ee78f9eb80e6e371f1bf57", size = 173082 },
    { url = "https://files.pythonhosted.org/packages/86/f2/10b55821dd40eb696ce4704a87d57774696f9451108cff0d2824c97e0f97/websockets-15.0.1-cp311-cp311-macosx_11_0_arm64.whl", hash = "sha256:d50fd1ee42388dcfb2b3676132c78116490976f1300da28eb629272d5d93e905", size = 173330 },
    { url = "https://files.pythonhosted.org/packages/a5/90/1c37ae8b8a113d3daf1065222b6af61cc44102da95388ac0018fcb7d93d9/websockets-15.0.1-cp311-cp311-manylinux_2_17_aarch64.manylinux2014_aarch64.whl", hash = "sha256:d99e5546bf73dbad5bf3547174cd6cb8ba7273062a23808ffea025ecb1cf8562", size = 182878 },
    { url = "https://files.pythonhosted.org/packages/8e/8d/96e8e288b2a41dffafb78e8904ea7367ee4f891dafc2ab8d87e2124cb3d3/websockets-15.0.1-cp311-cp311-manylinux_2_5_i686.manylinux1_i686.manylinux_2_17_i686.manylinux2014_i686.whl", hash = "sha256:66dd88c918e3287efc22409d426c8f729688d89a0c587c88971a0faa2c2f3792", size = 181883 },
    { url = "https://files.pythonhosted.org/packages/93/1f/5d6dbf551766308f6f50f8baf8e9860be6182911e8106da7a7f73785f4c4/websockets-15.0.1-cp311-cp311-manylinux_2_5_x86_64.manylinux1_x86_64.manylinux_2_17_x86_64.manylinux2014_x86_64.whl", hash = "sha256:8dd8327c795b3e3f219760fa603dcae1dcc148172290a8ab15158cf85a953413", size = 182252 },
    { url = "https://files.pythonhosted.org/packages/d4/78/2d4fed9123e6620cbf1706c0de8a1632e1a28e7774d94346d7de1bba2ca3/websockets-15.0.1-cp311-cp311-musllinux_1_2_aarch64.whl", hash = "sha256:8fdc51055e6ff4adeb88d58a11042ec9a5eae317a0a53d12c062c8a8865909e8", size = 182521 },
    { url = "https://files.pythonhosted.org/packages/e7/3b/66d4c1b444dd1a9823c4a81f50231b921bab54eee2f69e70319b4e21f1ca/websockets-15.0.1-cp311-cp311-musllinux_1_2_i686.whl", hash = "sha256:693f0192126df6c2327cce3baa7c06f2a117575e32ab2308f7f8216c29d9e2e3", size = 181958 },
    { url = "https://files.pythonhosted.org/packages/08/ff/e9eed2ee5fed6f76fdd6032ca5cd38c57ca9661430bb3d5fb2872dc8703c/websockets-15.0.1-cp311-cp311-musllinux_1_2_x86_64.whl", hash = "sha256:54479983bd5fb469c38f2f5c7e3a24f9a4e70594cd68cd1fa6b9340dadaff7cf", size = 181918 },
    { url = "https://files.pythonhosted.org/packages/d8/75/994634a49b7e12532be6a42103597b71098fd25900f7437d6055ed39930a/websockets-15.0.1-cp311-cp311-win32.whl", hash = "sha256:16b6c1b3e57799b9d38427dda63edcbe4926352c47cf88588c0be4ace18dac85", size = 176388 },
    { url = "https://files.pythonhosted.org/packages/98/93/e36c73f78400a65f5e236cd376713c34182e6663f6889cd45a4a04d8f203/websockets-15.0.1-cp311-cp311-win_amd64.whl", hash = "sha256:27ccee0071a0e75d22cb35849b1db43f2ecd3e161041ac1ee9d2352ddf72f065", size = 176828 },
    { url = "https://files.pythonhosted.org/packages/51/6b/4545a0d843594f5d0771e86463606a3988b5a09ca5123136f8a76580dd63/websockets-15.0.1-cp312-cp312-macosx_10_13_universal2.whl", hash = "sha256:3e90baa811a5d73f3ca0bcbf32064d663ed81318ab225ee4f427ad4e26e5aff3", size = 175437 },
    { url = "https://files.pythonhosted.org/packages/f4/71/809a0f5f6a06522af902e0f2ea2757f71ead94610010cf570ab5c98e99ed/websockets-15.0.1-cp312-cp312-macosx_10_13_x86_64.whl", hash = "sha256:592f1a9fe869c778694f0aa806ba0374e97648ab57936f092fd9d87f8bc03665", size = 173096 },
    { url = "https://files.pythonhosted.org/packages/3d/69/1a681dd6f02180916f116894181eab8b2e25b31e484c5d0eae637ec01f7c/websockets-15.0.1-cp312-cp312-macosx_11_0_arm64.whl", hash = "sha256:0701bc3cfcb9164d04a14b149fd74be7347a530ad3bbf15ab2c678a2cd3dd9a2", size = 173332 },
    { url = "https://files.pythonhosted.org/packages/a6/02/0073b3952f5bce97eafbb35757f8d0d54812b6174ed8dd952aa08429bcc3/websockets-15.0.1-cp312-cp312-manylinux_2_17_aarch64.manylinux2014_aarch64.whl", hash = "sha256:e8b56bdcdb4505c8078cb6c7157d9811a85790f2f2b3632c7d1462ab5783d215", size = 183152 },
    { url = "https://files.pythonhosted.org/packages/74/45/c205c8480eafd114b428284840da0b1be9ffd0e4f87338dc95dc6ff961a1/websockets-15.0.1-cp312-cp312-manylinux_2_5_i686.manylinux1_i686.manylinux_2_17_i686.manylinux2014_i686.whl", hash = "sha256:0af68c55afbd5f07986df82831c7bff04846928ea8d1fd7f30052638788bc9b5", size = 182096 },
    { url = "https://files.pythonhosted.org/packages/14/8f/aa61f528fba38578ec553c145857a181384c72b98156f858ca5c8e82d9d3/websockets-15.0.1-cp312-cp312-manylinux_2_5_x86_64.manylinux1_x86_64.manylinux_2_17_x86_64.manylinux2014_x86_64.whl", hash = "sha256:64dee438fed052b52e4f98f76c5790513235efaa1ef7f3f2192c392cd7c91b65", size = 182523 },
    { url = "https://files.pythonhosted.org/packages/ec/6d/0267396610add5bc0d0d3e77f546d4cd287200804fe02323797de77dbce9/websockets-15.0.1-cp312-cp312-musllinux_1_2_aarch64.whl", hash = "sha256:d5f6b181bb38171a8ad1d6aa58a67a6aa9d4b38d0f8c5f496b9e42561dfc62fe", size = 182790 },
    { url = "https://files.pythonhosted.org/packages/02/05/c68c5adbf679cf610ae2f74a9b871ae84564462955d991178f95a1ddb7dd/websockets-15.0.1-cp312-cp312-musllinux_1_2_i686.whl", hash = "sha256:5d54b09eba2bada6011aea5375542a157637b91029687eb4fdb2dab11059c1b4", size = 182165 },
    { url = "https://files.pythonhosted.org/packages/29/93/bb672df7b2f5faac89761cb5fa34f5cec45a4026c383a4b5761c6cea5c16/websockets-15.0.1-cp312-cp312-musllinux_1_2_x86_64.whl", hash = "sha256:3be571a8b5afed347da347bfcf27ba12b069d9d7f42cb8c7028b5e98bbb12597", size = 182160 },
    { url = "https://files.pythonhosted.org/packages/ff/83/de1f7709376dc3ca9b7eeb4b9a07b4526b14876b6d372a4dc62312bebee0/websockets-15.0.1-cp312-cp312-win32.whl", hash = "sha256:c338ffa0520bdb12fbc527265235639fb76e7bc7faafbb93f6ba80d9c06578a9", size = 176395 },
    { url = "https://files.pythonhosted.org/packages/7d/71/abf2ebc3bbfa40f391ce1428c7168fb20582d0ff57019b69ea20fa698043/websockets-15.0.1-cp312-cp312-win_amd64.whl", hash = "sha256:fcd5cf9e305d7b8338754470cf69cf81f420459dbae8a3b40cee57417f4614a7", size = 176841 },
    { url = "https://files.pythonhosted.org/packages/cb/9f/51f0cf64471a9d2b4d0fc6c534f323b664e7095640c34562f5182e5a7195/websockets-15.0.1-cp313-cp313-macosx_10_13_universal2.whl", hash = "sha256:ee443ef070bb3b6ed74514f5efaa37a252af57c90eb33b956d35c8e9c10a1931", size = 175440 },
    { url = "https://files.pythonhosted.org/packages/8a/05/aa116ec9943c718905997412c5989f7ed671bc0188ee2ba89520e8765d7b/websockets-15.0.1-cp313-cp313-macosx_10_13_x86_64.whl", hash = "sha256:5a939de6b7b4e18ca683218320fc67ea886038265fd1ed30173f5ce3f8e85675", size = 173098 },
    { url = "https://files.pythonhosted.org/packages/ff/0b/33cef55ff24f2d92924923c99926dcce78e7bd922d649467f0eda8368923/websockets-15.0.1-cp313-cp313-macosx_11_0_arm64.whl", hash = "sha256:746ee8dba912cd6fc889a8147168991d50ed70447bf18bcda7039f7d2e3d9151", size = 173329 },
    { url = "https://files.pythonhosted.org/packages/31/1d/063b25dcc01faa8fada1469bdf769de3768b7044eac9d41f734fd7b6ad6d/websockets-15.0.1-cp313-cp313-manylinux_2_17_aarch64.manylinux2014_aarch64.whl", hash = "sha256:595b6c3969023ecf9041b2936ac3827e4623bfa3ccf007575f04c5a6aa318c22", size = 183111 },
    { url = "https://files.pythonhosted.org/packages/93/53/9a87ee494a51bf63e4ec9241c1ccc4f7c2f45fff85d5bde2ff74fcb68b9e/websockets-15.0.1-cp313-cp313-manylinux_2_5_i686.manylinux1_i686.manylinux_2_17_i686.manylinux2014_i686.whl", hash = "sha256:3c714d2fc58b5ca3e285461a4cc0c9a66bd0e24c5da9911e30158286c9b5be7f", size = 182054 },
    { url = "https://files.pythonhosted.org/packages/ff/b2/83a6ddf56cdcbad4e3d841fcc55d6ba7d19aeb89c50f24dd7e859ec0805f/websockets-15.0.1-cp313-cp313-manylinux_2_5_x86_64.manylinux1_x86_64.manylinux_2_17_x86_64.manylinux2014_x86_64.whl", hash = "sha256:0f3c1e2ab208db911594ae5b4f79addeb3501604a165019dd221c0bdcabe4db8", size = 182496 },
    { url = "https://files.pythonhosted.org/packages/98/41/e7038944ed0abf34c45aa4635ba28136f06052e08fc2168520bb8b25149f/websockets-15.0.1-cp313-cp313-musllinux_1_2_aarch64.whl", hash = "sha256:229cf1d3ca6c1804400b0a9790dc66528e08a6a1feec0d5040e8b9eb14422375", size = 182829 },
    { url = "https://files.pythonhosted.org/packages/e0/17/de15b6158680c7623c6ef0db361da965ab25d813ae54fcfeae2e5b9ef910/websockets-15.0.1-cp313-cp313-musllinux_1_2_i686.whl", hash = "sha256:756c56e867a90fb00177d530dca4b097dd753cde348448a1012ed6c5131f8b7d", size = 182217 },
    { url = "https://files.pythonhosted.org/packages/33/2b/1f168cb6041853eef0362fb9554c3824367c5560cbdaad89ac40f8c2edfc/websockets-15.0.1-cp313-cp313-musllinux_1_2_x86_64.whl", hash = "sha256:558d023b3df0bffe50a04e710bc87742de35060580a293c2a984299ed83bc4e4", size = 182195 },
    { url = "https://files.pythonhosted.org/packages/86/eb/20b6cdf273913d0ad05a6a14aed4b9a85591c18a987a3d47f20fa13dcc47/websockets-15.0.1-cp313-cp313-win32.whl", hash = "sha256:ba9e56e8ceeeedb2e080147ba85ffcd5cd0711b89576b83784d8605a7df455fa", size = 176393 },
    { url = "https://files.pythonhosted.org/packages/1b/6c/c65773d6cab416a64d191d6ee8a8b1c68a09970ea6909d16965d26bfed1e/websockets-15.0.1-cp313-cp313-win_amd64.whl", hash = "sha256:e09473f095a819042ecb2ab9465aee615bd9c2028e4ef7d933600a8401c79561", size = 176837 },
    { url = "https://files.pythonhosted.org/packages/fa/a8/5b41e0da817d64113292ab1f8247140aac61cbf6cfd085d6a0fa77f4984f/websockets-15.0.1-py3-none-any.whl", hash = "sha256:f7a866fbc1e97b5c617ee4116daaa09b722101d4a3c170c787450ba409f9736f", size = 169743 },
]
