<?xml version="1.0" encoding="UTF-8" standalone="yes" ?>
<CodeBlocks_project_file>
	<FileVersion major="1" minor="6" />
	<Project>
		<Option title="dbg" />
		<Option pch_mode="2" />
		<Option compiler="gcc" />
		<Build>
			<Target title="x64">
				<Option output="bin/x64/dbg" imp_lib="$(TARGET_OUTPUT_DIR)$(TARGET_OUTPUT_BASENAME)_x64" def_file="$(TARGET_OUTPUT_DIR)$(TARGET_OUTPUT_BASENAME)" prefix_auto="1" extension_auto="1" />
				<Option object_output="obj/x64/" />
				<Option type="3" />
				<Option compiler="gnu_gcc_compiler_x64" />
				<Option createStaticLib="1" />
				<Compiler>
					<Add option="-O2" />
					<Add option="-Wall" />
					<Add option="-DBUILD_DLL" />
				</Compiler>
				<Linker>
					<Add option="-s" />
					<Add library="user32" />
				</Linker>
			</Target>
			<Target title="x32">
				<Option output="bin/x32/dbg" imp_lib="$(TARGET_OUTPUT_DIR)$(TARGET_OUTPUT_BASENAME)_x32" def_file="$(TARGET_OUTPUT_DIR)$(TARGET_OUTPUT_BASENAME)" prefix_auto="1" extension_auto="1" />
				<Option object_output="obj/x32/" />
				<Option type="3" />
				<Option compiler="gcc" />
				<Option createStaticLib="1" />
				<Compiler>
					<Add option="-O2" />
					<Add option="-Wall" />
					<Add option="-DBUILD_DLL" />
				</Compiler>
				<Linker>
					<Add option="-s" />
					<Add library="user32" />
				</Linker>
			</Target>
		</Build>
		<Unit filename="dbg.cpp" />
		<Unit filename="dbg.h" />
		<Extensions>
			<code_completion />
			<envvars />
			<debugger />
			<lib_finder disable_auto="1" />
		</Extensions>
	</Project>
</CodeBlocks_project_file>
