<?xml version="1.0" encoding="utf-8"?>
<Project ToolsVersion="4.0" xmlns="http://schemas.microsoft.com/developer/msbuild/2003">
  <ItemGroup>
    <Filter Include="Source Files">
      <UniqueIdentifier>{4FC737F1-C7A5-4376-A066-2A32D752A2FF}</UniqueIdentifier>
      <Extensions>cpp;c;cc;cxx;def;odl;idl;hpj;bat;asm;asmx</Extensions>
    </Filter>
    <Filter Include="Header Files">
      <UniqueIdentifier>{93995380-89BD-4b04-88EB-625FBE52EBFB}</UniqueIdentifier>
      <Extensions>h;hh;hpp;hxx;hm;inl;inc;xsd</Extensions>
    </Filter>
    <Filter Include="Header Files\Zydis">
      <UniqueIdentifier>{d1e8e1c5-c3ed-4cbc-9c1b-3bfd92076ef9}</UniqueIdentifier>
    </Filter>
    <Filter Include="Source Files\Zydis">
      <UniqueIdentifier>{73179162-d6f3-49e8-af4f-73b5a24dbbcf}</UniqueIdentifier>
    </Filter>
  </ItemGroup>
  <ItemGroup>
    <ClCompile Include="zydis_wrapper.cpp">
      <Filter>Source Files</Filter>
    </ClCompile>
    <ClCompile Include="Zydis\Zydis.c">
      <Filter>Source Files\Zydis</Filter>
    </ClCompile>
  </ItemGroup>
  <ItemGroup>
    <ClInclude Include="zydis_wrapper.h">
      <Filter>Header Files</Filter>
    </ClInclude>
    <ClInclude Include="Zydis\Zydis.h">
      <Filter>Header Files\Zydis</Filter>
    </ClInclude>
  </ItemGroup>
</Project>